PODS:
  - ActionSheetPicker-3.0 (2.0.4)
  - Alamofire (3.1.4)
  - AlamofireImage (2.3.0):
    - Alamofire (~> 3.1)
  - AlamofireObjectMapper (2.1.0):
    - Alamofire (~> 3.1.0)
    - ObjectMapper (~> 1.0)
  - ObjectMapper (1.1.1)
  - SCLAlertView (0.4.3)
  - SwiftyJSON (2.3.2)
  - Toast-Swift (1.0.0)

DEPENDENCIES:
  - ActionSheetPicker-3.0 (~> 2.0.4)
  - Alamofire (~> 3.0)
  - AlamofireImage (~> 2.0)
  - AlamofireObjectMapper (~> 2.1)
  - ObjectMapper (~> 1.1)
  - SCLAlertView
  - SwiftyJSON (from `https://github.com/SwiftyJSON/SwiftyJSON.git`)
  - Toast-Swift (~> 1.0.0)

EXTERNAL SOURCES:
  SwiftyJSON:
    :git: https://github.com/SwiftyJSON/SwiftyJSON.git

CHECKOUT OPTIONS:
  SwiftyJSON:
    :commit: 8e618c8baf6323a5079c6549bb38d48357b31630
    :git: https://github.com/SwiftyJSON/SwiftyJSON.git

SPEC CHECKSUMS:
  ActionSheetPicker-3.0: 860466cb4a66854e6acb590071ecee404b48f49d
  Alamofire: fbc829692f351fa1d8a31dd75fd7f7f56fea31fb
  AlamofireImage: 4013fb5b99b10117bf2554a67b9bd2231d476b45
  AlamofireObjectMapper: 24097576202064f8b0a583452dd934064f78dc0e
  ObjectMapper: 4143abed1dbd49b73d75092fe8fa1c88ed6434b7
  SCLAlertView: a5c726a80a938fd3127edd7dbc19da33fb936ca3
  SwiftyJSON: 04ccea08915aa0109039157c7974cf0298da292a
  Toast-Swift: 709908e9f9a96dfd72438f9301ae28e3e98c16bb

COCOAPODS: 0.39.0
