// !$*UTF8*$!
{
	archiveVersion = 1;
	classes = {
	};
	objectVersion = 46;
	objects = {

/* Begin PBXBuildFile section */
		999316F5C5C10861273E407F /* Pods_inksell.framework in Frameworks */ = {isa = PBXBuildFile; fileRef = 0646FA6C6EEB74A373C61551 /* Pods_inksell.framework */; };
		AD023AEC1C57AFAA00283305 /* CallbackProtocol.swift in Sources */ = {isa = PBXBuildFile; fileRef = AD023AEB1C57AFAA00283305 /* CallbackProtocol.swift */; };
		AD2244D11C424BA50015BBD3 /* CategoryType.swift in Sources */ = {isa = PBXBuildFile; fileRef = AD2244D01C424BA50015BBD3 /* CategoryType.swift */; };
		AD2244D31C424C640015BBD3 /* PlatformType.swift in Sources */ = {isa = PBXBuildFile; fileRef = AD2244D21C424C640015BBD3 /* PlatformType.swift */; };
		AD2244D61C424CB00015BBD3 /* RestClient.swift in Sources */ = {isa = PBXBuildFile; fileRef = AD2244D51C424CB00015BBD3 /* RestClient.swift */; };
		AD354BF61C57A49D0094B040 /* AppData.swift in Sources */ = {isa = PBXBuildFile; fileRef = AD354BF51C57A49D0094B040 /* AppData.swift */; };
		AD4D99CF1C54414C0011C31E /* MyColors.swift in Sources */ = {isa = PBXBuildFile; fileRef = AD4D99CE1C54414C0011C31E /* MyColors.swift */; };
		AD4D99D11C54DB9D0011C31E /* AlertController.swift in Sources */ = {isa = PBXBuildFile; fileRef = AD4D99D01C54DB9D0011C31E /* AlertController.swift */; };
		AD4D99D31C54DCDB0011C31E /* Extentions.swift in Sources */ = {isa = PBXBuildFile; fileRef = AD4D99D21C54DCDB0011C31E /* Extentions.swift */; };
		AD4D99D81C5578540011C31E /* Toasts.swift in Sources */ = {isa = PBXBuildFile; fileRef = AD4D99D71C5578540011C31E /* Toasts.swift */; };
		AD4D99DA1C557CED0011C31E /* StorageConstants.swift in Sources */ = {isa = PBXBuildFile; fileRef = AD4D99D91C557CED0011C31E /* StorageConstants.swift */; };
		AD8A2AEF1C6606F500953065 /* MyAccountController.swift in Sources */ = {isa = PBXBuildFile; fileRef = AD8A2AEE1C6606F500953065 /* MyAccountController.swift */; };
		AD9630E91BDBF48F00ADC405 /* AppDelegate.swift in Sources */ = {isa = PBXBuildFile; fileRef = AD9630E81BDBF48F00ADC405 /* AppDelegate.swift */; };
		AD9630EB1BDBF48F00ADC405 /* ViewController.swift in Sources */ = {isa = PBXBuildFile; fileRef = AD9630EA1BDBF48F00ADC405 /* ViewController.swift */; };
		AD9630EE1BDBF48F00ADC405 /* Login.storyboard in Resources */ = {isa = PBXBuildFile; fileRef = AD9630EC1BDBF48F00ADC405 /* Login.storyboard */; };
		AD9630F01BDBF48F00ADC405 /* Assets.xcassets in Resources */ = {isa = PBXBuildFile; fileRef = AD9630EF1BDBF48F00ADC405 /* Assets.xcassets */; };
		AD9630F31BDBF48F00ADC405 /* LaunchScreen.storyboard in Resources */ = {isa = PBXBuildFile; fileRef = AD9630F11BDBF48F00ADC405 /* LaunchScreen.storyboard */; };
		AD9631031BDD06B100ADC405 /* RegisterViewController.swift in Sources */ = {isa = PBXBuildFile; fileRef = AD9631021BDD06B100ADC405 /* RegisterViewController.swift */; };
		AD9631051BDD06D700ADC405 /* VerifyViewController.swift in Sources */ = {isa = PBXBuildFile; fileRef = AD9631041BDD06D700ADC405 /* VerifyViewController.swift */; };
		AD9631071BDD072600ADC405 /* AlreadyViewController.swift in Sources */ = {isa = PBXBuildFile; fileRef = AD9631061BDD072600ADC405 /* AlreadyViewController.swift */; };
		AD9631091BDD073A00ADC405 /* NewCompanyViewController.swift in Sources */ = {isa = PBXBuildFile; fileRef = AD9631081BDD073A00ADC405 /* NewCompanyViewController.swift */; };
		AD96310C1BDD11A400ADC405 /* StartNavigationController.swift in Sources */ = {isa = PBXBuildFile; fileRef = AD96310B1BDD11A400ADC405 /* StartNavigationController.swift */; };
		AD9D42AA1C50CC6C00D21EC5 /* Utilities.swift in Sources */ = {isa = PBXBuildFile; fileRef = AD9D42A91C50CC6C00D21EC5 /* Utilities.swift */; };
		AD9D42AD1C50CD1C00D21EC5 /* BaseViewController.swift in Sources */ = {isa = PBXBuildFile; fileRef = AD9D42AC1C50CD1C00D21EC5 /* BaseViewController.swift */; };
		AD9D42AF1C50D27D00D21EC5 /* ConfigurationManager.swift in Sources */ = {isa = PBXBuildFile; fileRef = AD9D42AE1C50D27D00D21EC5 /* ConfigurationManager.swift */; };
		ADD8D0D71C42700600CFCCD2 /* CompanyEntity.swift in Sources */ = {isa = PBXBuildFile; fileRef = ADD8D0D61C42700600CFCCD2 /* CompanyEntity.swift */; };
		ADD8D0D91C427B8A00CFCCD2 /* GetServices.swift in Sources */ = {isa = PBXBuildFile; fileRef = ADD8D0D81C427B8A00CFCCD2 /* GetServices.swift */; };
		ADD8D0DB1C428AE500CFCCD2 /* PostServices.swift in Sources */ = {isa = PBXBuildFile; fileRef = ADD8D0DA1C428AE500CFCCD2 /* PostServices.swift */; };
		ADD8D0DD1C42A2FE00CFCCD2 /* LocationEntity.swift in Sources */ = {isa = PBXBuildFile; fileRef = ADD8D0DC1C42A2FE00CFCCD2 /* LocationEntity.swift */; };
		ADD8D0E01C43993A00CFCCD2 /* PersistentStorage.swift in Sources */ = {isa = PBXBuildFile; fileRef = ADD8D0DF1C43993A00CFCCD2 /* PersistentStorage.swift */; };
		ADDD796E1C71C3180045200E /* HomeController.swift in Sources */ = {isa = PBXBuildFile; fileRef = ADDD796D1C71C3180045200E /* HomeController.swift */; };
		ADDD79701C71C8360045200E /* SubscriptionController.swift in Sources */ = {isa = PBXBuildFile; fileRef = ADDD796F1C71C8360045200E /* SubscriptionController.swift */; };
		ADDD79721C71C8500045200E /* FavouritesController.swift in Sources */ = {isa = PBXBuildFile; fileRef = ADDD79711C71C8500045200E /* FavouritesController.swift */; };
		ADDD797B1C71D4960045200E /* TableViewCell.swift in Sources */ = {isa = PBXBuildFile; fileRef = ADDD79791C71D4960045200E /* TableViewCell.swift */; };
		ADDD797C1C71D4960045200E /* TableViewCell.xib in Resources */ = {isa = PBXBuildFile; fileRef = ADDD797A1C71D4960045200E /* TableViewCell.xib */; };
		ADDD797E1C71D9FB0045200E /* BaseTableViewController.swift in Sources */ = {isa = PBXBuildFile; fileRef = ADDD797D1C71D9FB0045200E /* BaseTableViewController.swift */; };
		ADEA90B71C44D79B009C5E71 /* ResponseStatus.swift in Sources */ = {isa = PBXBuildFile; fileRef = ADEA90B61C44D79B009C5E71 /* ResponseStatus.swift */; };
		ADEA90B91C44D99E009C5E71 /* FurnishingType.swift in Sources */ = {isa = PBXBuildFile; fileRef = ADEA90B81C44D99E009C5E71 /* FurnishingType.swift */; };
		ADEA90BB1C44DC84009C5E71 /* AutomobileEntity.swift in Sources */ = {isa = PBXBuildFile; fileRef = ADEA90BA1C44DC84009C5E71 /* AutomobileEntity.swift */; };
		ADEA90BD1C44DE23009C5E71 /* ContactAdressEntity.swift in Sources */ = {isa = PBXBuildFile; fileRef = ADEA90BC1C44DE23009C5E71 /* ContactAdressEntity.swift */; };
		ADEFF8311C44F6A000185A40 /* DateTimeTransform.swift in Sources */ = {isa = PBXBuildFile; fileRef = ADEFF8301C44F6A000185A40 /* DateTimeTransform.swift */; };
		ADEFF8331C4F507500185A40 /* ElectronicEntity.swift in Sources */ = {isa = PBXBuildFile; fileRef = ADEFF8321C4F507500185A40 /* ElectronicEntity.swift */; };
		ADEFF8351C4F509200185A40 /* FurnitureEntity.swift in Sources */ = {isa = PBXBuildFile; fileRef = ADEFF8341C4F509200185A40 /* FurnitureEntity.swift */; };
		ADEFF8371C4F50AF00185A40 /* OtherEntity.swift in Sources */ = {isa = PBXBuildFile; fileRef = ADEFF8361C4F50AF00185A40 /* OtherEntity.swift */; };
		ADEFF8391C4F50DD00185A40 /* RealEstateEntity.swift in Sources */ = {isa = PBXBuildFile; fileRef = ADEFF8381C4F50DD00185A40 /* RealEstateEntity.swift */; };
		ADEFF83B1C4F53D000185A40 /* MultiplePostDetailsEntity.swift in Sources */ = {isa = PBXBuildFile; fileRef = ADEFF83A1C4F53D000185A40 /* MultiplePostDetailsEntity.swift */; };
		ADEFF83D1C4F557B00185A40 /* PostIdWithCategory.swift in Sources */ = {isa = PBXBuildFile; fileRef = ADEFF83C1C4F557B00185A40 /* PostIdWithCategory.swift */; };
		ADEFF83F1C4F55ED00185A40 /* PostSummaryEntity.swift in Sources */ = {isa = PBXBuildFile; fileRef = ADEFF83E1C4F55ED00185A40 /* PostSummaryEntity.swift */; };
		ADEFF8411C4F576700185A40 /* UserEntity.swift in Sources */ = {isa = PBXBuildFile; fileRef = ADEFF8401C4F576700185A40 /* UserEntity.swift */; };
		ADEFF8431C4F582800185A40 /* VerifyUserEntity.swift in Sources */ = {isa = PBXBuildFile; fileRef = ADEFF8421C4F582800185A40 /* VerifyUserEntity.swift */; };
		ADF6C4091C5A1A9600F3D7D7 /* Home.storyboard in Resources */ = {isa = PBXBuildFile; fileRef = ADF6C4081C5A1A9600F3D7D7 /* Home.storyboard */; };
		ADF6C4291C65FEDF00F3D7D7 /* HomeTabController.swift in Sources */ = {isa = PBXBuildFile; fileRef = ADF6C4281C65FEDF00F3D7D7 /* HomeTabController.swift */; };
/* End PBXBuildFile section */

/* Begin PBXFileReference section */
		0646FA6C6EEB74A373C61551 /* Pods_inksell.framework */ = {isa = PBXFileReference; explicitFileType = wrapper.framework; includeInIndex = 0; path = Pods_inksell.framework; sourceTree = BUILT_PRODUCTS_DIR; };
		421C2DB59D336F4BE4B149E9 /* Pods-inksell.debug.xcconfig */ = {isa = PBXFileReference; includeInIndex = 1; lastKnownFileType = text.xcconfig; name = "Pods-inksell.debug.xcconfig"; path = "Pods/Target Support Files/Pods-inksell/Pods-inksell.debug.xcconfig"; sourceTree = "<group>"; };
		A68E287CD7BA83D2AE5C019A /* Pods-inksell.release.xcconfig */ = {isa = PBXFileReference; includeInIndex = 1; lastKnownFileType = text.xcconfig; name = "Pods-inksell.release.xcconfig"; path = "Pods/Target Support Files/Pods-inksell/Pods-inksell.release.xcconfig"; sourceTree = "<group>"; };
		AD023AEB1C57AFAA00283305 /* CallbackProtocol.swift */ = {isa = PBXFileReference; fileEncoding = 4; lastKnownFileType = sourcecode.swift; path = CallbackProtocol.swift; sourceTree = "<group>"; };
		AD2244D01C424BA50015BBD3 /* CategoryType.swift */ = {isa = PBXFileReference; fileEncoding = 4; lastKnownFileType = sourcecode.swift; path = CategoryType.swift; sourceTree = "<group>"; };
		AD2244D21C424C640015BBD3 /* PlatformType.swift */ = {isa = PBXFileReference; fileEncoding = 4; lastKnownFileType = sourcecode.swift; path = PlatformType.swift; sourceTree = "<group>"; };
		AD2244D51C424CB00015BBD3 /* RestClient.swift */ = {isa = PBXFileReference; fileEncoding = 4; lastKnownFileType = sourcecode.swift; path = RestClient.swift; sourceTree = "<group>"; };
		AD354BF51C57A49D0094B040 /* AppData.swift */ = {isa = PBXFileReference; fileEncoding = 4; lastKnownFileType = sourcecode.swift; path = AppData.swift; sourceTree = "<group>"; };
		AD4D99CE1C54414C0011C31E /* MyColors.swift */ = {isa = PBXFileReference; fileEncoding = 4; lastKnownFileType = sourcecode.swift; path = MyColors.swift; sourceTree = "<group>"; };
		AD4D99D01C54DB9D0011C31E /* AlertController.swift */ = {isa = PBXFileReference; fileEncoding = 4; lastKnownFileType = sourcecode.swift; path = AlertController.swift; sourceTree = "<group>"; };
		AD4D99D21C54DCDB0011C31E /* Extentions.swift */ = {isa = PBXFileReference; fileEncoding = 4; lastKnownFileType = sourcecode.swift; path = Extentions.swift; sourceTree = "<group>"; };
		AD4D99D71C5578540011C31E /* Toasts.swift */ = {isa = PBXFileReference; fileEncoding = 4; lastKnownFileType = sourcecode.swift; path = Toasts.swift; sourceTree = "<group>"; };
		AD4D99D91C557CED0011C31E /* StorageConstants.swift */ = {isa = PBXFileReference; fileEncoding = 4; lastKnownFileType = sourcecode.swift; path = StorageConstants.swift; sourceTree = "<group>"; };
		AD8A2AEE1C6606F500953065 /* MyAccountController.swift */ = {isa = PBXFileReference; fileEncoding = 4; lastKnownFileType = sourcecode.swift; path = MyAccountController.swift; sourceTree = "<group>"; };
		AD9630E51BDBF48F00ADC405 /* inksell.app */ = {isa = PBXFileReference; explicitFileType = wrapper.application; includeInIndex = 0; path = inksell.app; sourceTree = BUILT_PRODUCTS_DIR; };
		AD9630E81BDBF48F00ADC405 /* AppDelegate.swift */ = {isa = PBXFileReference; lastKnownFileType = sourcecode.swift; path = AppDelegate.swift; sourceTree = "<group>"; };
		AD9630EA1BDBF48F00ADC405 /* ViewController.swift */ = {isa = PBXFileReference; lastKnownFileType = sourcecode.swift; path = ViewController.swift; sourceTree = "<group>"; };
		AD9630ED1BDBF48F00ADC405 /* Base */ = {isa = PBXFileReference; lastKnownFileType = file.storyboard; name = Base; path = Base.lproj/Login.storyboard; sourceTree = "<group>"; };
		AD9630EF1BDBF48F00ADC405 /* Assets.xcassets */ = {isa = PBXFileReference; lastKnownFileType = folder.assetcatalog; path = Assets.xcassets; sourceTree = "<group>"; };
		AD9630F21BDBF48F00ADC405 /* Base */ = {isa = PBXFileReference; lastKnownFileType = file.storyboard; name = Base; path = Base.lproj/LaunchScreen.storyboard; sourceTree = "<group>"; };
		AD9630F41BDBF48F00ADC405 /* Info.plist */ = {isa = PBXFileReference; lastKnownFileType = text.plist.xml; path = Info.plist; sourceTree = "<group>"; };
		AD9631021BDD06B100ADC405 /* RegisterViewController.swift */ = {isa = PBXFileReference; fileEncoding = 4; lastKnownFileType = sourcecode.swift; name = RegisterViewController.swift; path = inksell/login/RegisterViewController.swift; sourceTree = "<group>"; };
		AD9631041BDD06D700ADC405 /* VerifyViewController.swift */ = {isa = PBXFileReference; fileEncoding = 4; lastKnownFileType = sourcecode.swift; name = VerifyViewController.swift; path = inksell/login/VerifyViewController.swift; sourceTree = "<group>"; };
		AD9631061BDD072600ADC405 /* AlreadyViewController.swift */ = {isa = PBXFileReference; fileEncoding = 4; lastKnownFileType = sourcecode.swift; name = AlreadyViewController.swift; path = inksell/login/AlreadyViewController.swift; sourceTree = "<group>"; };
		AD9631081BDD073A00ADC405 /* NewCompanyViewController.swift */ = {isa = PBXFileReference; fileEncoding = 4; lastKnownFileType = sourcecode.swift; name = NewCompanyViewController.swift; path = inksell/login/NewCompanyViewController.swift; sourceTree = "<group>"; };
		AD96310B1BDD11A400ADC405 /* StartNavigationController.swift */ = {isa = PBXFileReference; fileEncoding = 4; lastKnownFileType = sourcecode.swift; name = StartNavigationController.swift; path = inksell/login/StartNavigationController.swift; sourceTree = "<group>"; };
		AD9D42A91C50CC6C00D21EC5 /* Utilities.swift */ = {isa = PBXFileReference; fileEncoding = 4; lastKnownFileType = sourcecode.swift; path = Utilities.swift; sourceTree = "<group>"; };
		AD9D42AC1C50CD1C00D21EC5 /* BaseViewController.swift */ = {isa = PBXFileReference; fileEncoding = 4; lastKnownFileType = sourcecode.swift; path = BaseViewController.swift; sourceTree = "<group>"; };
		AD9D42AE1C50D27D00D21EC5 /* ConfigurationManager.swift */ = {isa = PBXFileReference; fileEncoding = 4; lastKnownFileType = sourcecode.swift; path = ConfigurationManager.swift; sourceTree = "<group>"; };
		ADD8D0D61C42700600CFCCD2 /* CompanyEntity.swift */ = {isa = PBXFileReference; fileEncoding = 4; lastKnownFileType = sourcecode.swift; path = CompanyEntity.swift; sourceTree = "<group>"; };
		ADD8D0D81C427B8A00CFCCD2 /* GetServices.swift */ = {isa = PBXFileReference; fileEncoding = 4; lastKnownFileType = sourcecode.swift; path = GetServices.swift; sourceTree = "<group>"; };
		ADD8D0DA1C428AE500CFCCD2 /* PostServices.swift */ = {isa = PBXFileReference; fileEncoding = 4; lastKnownFileType = sourcecode.swift; path = PostServices.swift; sourceTree = "<group>"; };
		ADD8D0DC1C42A2FE00CFCCD2 /* LocationEntity.swift */ = {isa = PBXFileReference; fileEncoding = 4; lastKnownFileType = sourcecode.swift; path = LocationEntity.swift; sourceTree = "<group>"; };
		ADD8D0DF1C43993A00CFCCD2 /* PersistentStorage.swift */ = {isa = PBXFileReference; fileEncoding = 4; lastKnownFileType = sourcecode.swift; path = PersistentStorage.swift; sourceTree = "<group>"; };
		ADDD796D1C71C3180045200E /* HomeController.swift */ = {isa = PBXFileReference; fileEncoding = 4; lastKnownFileType = sourcecode.swift; path = HomeController.swift; sourceTree = "<group>"; };
		ADDD796F1C71C8360045200E /* SubscriptionController.swift */ = {isa = PBXFileReference; fileEncoding = 4; lastKnownFileType = sourcecode.swift; path = SubscriptionController.swift; sourceTree = "<group>"; };
		ADDD79711C71C8500045200E /* FavouritesController.swift */ = {isa = PBXFileReference; fileEncoding = 4; lastKnownFileType = sourcecode.swift; path = FavouritesController.swift; sourceTree = "<group>"; };
		ADDD79791C71D4960045200E /* TableViewCell.swift */ = {isa = PBXFileReference; fileEncoding = 4; lastKnownFileType = sourcecode.swift; path = TableViewCell.swift; sourceTree = "<group>"; };
		ADDD797A1C71D4960045200E /* TableViewCell.xib */ = {isa = PBXFileReference; fileEncoding = 4; lastKnownFileType = file.xib; path = TableViewCell.xib; sourceTree = "<group>"; };
		ADDD797D1C71D9FB0045200E /* BaseTableViewController.swift */ = {isa = PBXFileReference; fileEncoding = 4; lastKnownFileType = sourcecode.swift; path = BaseTableViewController.swift; sourceTree = "<group>"; };
		ADEA90B61C44D79B009C5E71 /* ResponseStatus.swift */ = {isa = PBXFileReference; fileEncoding = 4; lastKnownFileType = sourcecode.swift; path = ResponseStatus.swift; sourceTree = "<group>"; };
		ADEA90B81C44D99E009C5E71 /* FurnishingType.swift */ = {isa = PBXFileReference; fileEncoding = 4; lastKnownFileType = sourcecode.swift; path = FurnishingType.swift; sourceTree = "<group>"; };
		ADEA90BA1C44DC84009C5E71 /* AutomobileEntity.swift */ = {isa = PBXFileReference; fileEncoding = 4; lastKnownFileType = sourcecode.swift; path = AutomobileEntity.swift; sourceTree = "<group>"; };
		ADEA90BC1C44DE23009C5E71 /* ContactAdressEntity.swift */ = {isa = PBXFileReference; fileEncoding = 4; lastKnownFileType = sourcecode.swift; path = ContactAdressEntity.swift; sourceTree = "<group>"; };
		ADEFF8301C44F6A000185A40 /* DateTimeTransform.swift */ = {isa = PBXFileReference; fileEncoding = 4; lastKnownFileType = sourcecode.swift; path = DateTimeTransform.swift; sourceTree = "<group>"; };
		ADEFF8321C4F507500185A40 /* ElectronicEntity.swift */ = {isa = PBXFileReference; fileEncoding = 4; lastKnownFileType = sourcecode.swift; path = ElectronicEntity.swift; sourceTree = "<group>"; };
		ADEFF8341C4F509200185A40 /* FurnitureEntity.swift */ = {isa = PBXFileReference; fileEncoding = 4; lastKnownFileType = sourcecode.swift; path = FurnitureEntity.swift; sourceTree = "<group>"; };
		ADEFF8361C4F50AF00185A40 /* OtherEntity.swift */ = {isa = PBXFileReference; fileEncoding = 4; lastKnownFileType = sourcecode.swift; path = OtherEntity.swift; sourceTree = "<group>"; };
		ADEFF8381C4F50DD00185A40 /* RealEstateEntity.swift */ = {isa = PBXFileReference; fileEncoding = 4; lastKnownFileType = sourcecode.swift; path = RealEstateEntity.swift; sourceTree = "<group>"; };
		ADEFF83A1C4F53D000185A40 /* MultiplePostDetailsEntity.swift */ = {isa = PBXFileReference; fileEncoding = 4; lastKnownFileType = sourcecode.swift; path = MultiplePostDetailsEntity.swift; sourceTree = "<group>"; };
		ADEFF83C1C4F557B00185A40 /* PostIdWithCategory.swift */ = {isa = PBXFileReference; fileEncoding = 4; lastKnownFileType = sourcecode.swift; path = PostIdWithCategory.swift; sourceTree = "<group>"; };
		ADEFF83E1C4F55ED00185A40 /* PostSummaryEntity.swift */ = {isa = PBXFileReference; fileEncoding = 4; lastKnownFileType = sourcecode.swift; path = PostSummaryEntity.swift; sourceTree = "<group>"; };
		ADEFF8401C4F576700185A40 /* UserEntity.swift */ = {isa = PBXFileReference; fileEncoding = 4; lastKnownFileType = sourcecode.swift; path = UserEntity.swift; sourceTree = "<group>"; };
		ADEFF8421C4F582800185A40 /* VerifyUserEntity.swift */ = {isa = PBXFileReference; fileEncoding = 4; lastKnownFileType = sourcecode.swift; path = VerifyUserEntity.swift; sourceTree = "<group>"; };
		ADF6C4081C5A1A9600F3D7D7 /* Home.storyboard */ = {isa = PBXFileReference; fileEncoding = 4; lastKnownFileType = file.storyboard; path = Home.storyboard; sourceTree = "<group>"; };
		ADF6C4281C65FEDF00F3D7D7 /* HomeTabController.swift */ = {isa = PBXFileReference; fileEncoding = 4; lastKnownFileType = sourcecode.swift; path = HomeTabController.swift; sourceTree = "<group>"; };
/* End PBXFileReference section */

/* Begin PBXFrameworksBuildPhase section */
		AD9630E21BDBF48F00ADC405 /* Frameworks */ = {
			isa = PBXFrameworksBuildPhase;
			buildActionMask = 2147483647;
			files = (
				999316F5C5C10861273E407F /* Pods_inksell.framework in Frameworks */,
			);
			runOnlyForDeploymentPostprocessing = 0;
		};
/* End PBXFrameworksBuildPhase section */

/* Begin PBXGroup section */
		545476F2686471E49CD778AA /* Frameworks */ = {
			isa = PBXGroup;
			children = (
				0646FA6C6EEB74A373C61551 /* Pods_inksell.framework */,
			);
			name = Frameworks;
			sourceTree = "<group>";
		};
		AD2244CF1C424B3D0015BBD3 /* enums */ = {
			isa = PBXGroup;
			children = (
				ADEA90B61C44D79B009C5E71 /* ResponseStatus.swift */,
				AD2244D01C424BA50015BBD3 /* CategoryType.swift */,
				AD2244D21C424C640015BBD3 /* PlatformType.swift */,
				ADEA90B81C44D99E009C5E71 /* FurnishingType.swift */,
			);
			name = enums;
			sourceTree = "<group>";
		};
		AD2244D41C424C890015BBD3 /* services */ = {
			isa = PBXGroup;
			children = (
				AD2244D51C424CB00015BBD3 /* RestClient.swift */,
				ADD8D0D81C427B8A00CFCCD2 /* GetServices.swift */,
				ADD8D0DA1C428AE500CFCCD2 /* PostServices.swift */,
				AD023AEB1C57AFAA00283305 /* CallbackProtocol.swift */,
			);
			name = services;
			sourceTree = "<group>";
		};
		AD354BF41C57A4840094B040 /* Constants */ = {
			isa = PBXGroup;
			children = (
				AD4D99D91C557CED0011C31E /* StorageConstants.swift */,
				AD354BF51C57A49D0094B040 /* AppData.swift */,
			);
			name = Constants;
			sourceTree = "<group>";
		};
		AD4D99D61C55783E0011C31E /* extentions */ = {
			isa = PBXGroup;
			children = (
				AD4D99D21C54DCDB0011C31E /* Extentions.swift */,
				AD4D99D71C5578540011C31E /* Toasts.swift */,
			);
			name = extentions;
			sourceTree = "<group>";
		};
		AD8A2AED1C6606AE00953065 /* User */ = {
			isa = PBXGroup;
			children = (
				AD8A2AEE1C6606F500953065 /* MyAccountController.swift */,
			);
			name = User;
			sourceTree = "<group>";
		};
		AD9630DC1BDBF48F00ADC405 = {
			isa = PBXGroup;
			children = (
				AD9630E71BDBF48F00ADC405 /* inksell */,
				AD9630E61BDBF48F00ADC405 /* Products */,
				AEFAD9F27DA7CCCB06801EC7 /* Pods */,
				545476F2686471E49CD778AA /* Frameworks */,
			);
			sourceTree = "<group>";
		};
		AD9630E61BDBF48F00ADC405 /* Products */ = {
			isa = PBXGroup;
			children = (
				AD9630E51BDBF48F00ADC405 /* inksell.app */,
			);
			name = Products;
			sourceTree = "<group>";
		};
		AD9630E71BDBF48F00ADC405 /* inksell */ = {
			isa = PBXGroup;
			children = (
				AD354BF41C57A4840094B040 /* Constants */,
				AD4D99D61C55783E0011C31E /* extentions */,
				ADEFF82F1C44F68900185A40 /* Transforms */,
				AD2244CF1C424B3D0015BBD3 /* enums */,
				AD2244D41C424C890015BBD3 /* services */,
				ADD8D0D51C426FD700CFCCD2 /* Models */,
				ADD8D0DE1C4398F500CFCCD2 /* Utils */,
				AD9630FF1BDD051F00ADC405 /* inksell */,
				AD9630E81BDBF48F00ADC405 /* AppDelegate.swift */,
				AD9630EA1BDBF48F00ADC405 /* ViewController.swift */,
				AD9630EF1BDBF48F00ADC405 /* Assets.xcassets */,
				AD9630F11BDBF48F00ADC405 /* LaunchScreen.storyboard */,
				AD9630F41BDBF48F00ADC405 /* Info.plist */,
			);
			path = inksell;
			sourceTree = "<group>";
		};
		AD9630FE1BDD051500ADC405 /* login */ = {
			isa = PBXGroup;
			children = (
				AD9630EC1BDBF48F00ADC405 /* Login.storyboard */,
				AD9631021BDD06B100ADC405 /* RegisterViewController.swift */,
				AD9631041BDD06D700ADC405 /* VerifyViewController.swift */,
				AD9631061BDD072600ADC405 /* AlreadyViewController.swift */,
				AD9631081BDD073A00ADC405 /* NewCompanyViewController.swift */,
				AD96310B1BDD11A400ADC405 /* StartNavigationController.swift */,
			);
			name = login;
			sourceTree = "<group>";
		};
		AD9630FF1BDD051F00ADC405 /* inksell */ = {
			isa = PBXGroup;
			children = (
				ADF6C4071C5A14F700F3D7D7 /* Home */,
				AD9D42AB1C50CD0300D21EC5 /* common */,
				AD9630FE1BDD051500ADC405 /* login */,
			);
			name = inksell;
			sourceTree = "<group>";
		};
		AD9D42AB1C50CD0300D21EC5 /* common */ = {
			isa = PBXGroup;
			children = (
				AD9D42AC1C50CD1C00D21EC5 /* BaseViewController.swift */,
				ADDD79791C71D4960045200E /* TableViewCell.swift */,
				ADDD797A1C71D4960045200E /* TableViewCell.xib */,
				ADDD797D1C71D9FB0045200E /* BaseTableViewController.swift */,
			);
			name = common;
			sourceTree = "<group>";
		};
		ADD8D0D51C426FD700CFCCD2 /* Models */ = {
			isa = PBXGroup;
			children = (
				ADD8D0D61C42700600CFCCD2 /* CompanyEntity.swift */,
				ADD8D0DC1C42A2FE00CFCCD2 /* LocationEntity.swift */,
				ADEA90BA1C44DC84009C5E71 /* AutomobileEntity.swift */,
				ADEA90BC1C44DE23009C5E71 /* ContactAdressEntity.swift */,
				ADEFF8321C4F507500185A40 /* ElectronicEntity.swift */,
				ADEFF8341C4F509200185A40 /* FurnitureEntity.swift */,
				ADEFF8361C4F50AF00185A40 /* OtherEntity.swift */,
				ADEFF8381C4F50DD00185A40 /* RealEstateEntity.swift */,
				ADEFF83A1C4F53D000185A40 /* MultiplePostDetailsEntity.swift */,
				ADEFF83C1C4F557B00185A40 /* PostIdWithCategory.swift */,
				ADEFF83E1C4F55ED00185A40 /* PostSummaryEntity.swift */,
				ADEFF8401C4F576700185A40 /* UserEntity.swift */,
				ADEFF8421C4F582800185A40 /* VerifyUserEntity.swift */,
			);
			name = Models;
			sourceTree = "<group>";
		};
		ADD8D0DE1C4398F500CFCCD2 /* Utils */ = {
			isa = PBXGroup;
			children = (
				ADD8D0DF1C43993A00CFCCD2 /* PersistentStorage.swift */,
				AD9D42A91C50CC6C00D21EC5 /* Utilities.swift */,
				AD9D42AE1C50D27D00D21EC5 /* ConfigurationManager.swift */,
				AD4D99CE1C54414C0011C31E /* MyColors.swift */,
				AD4D99D01C54DB9D0011C31E /* AlertController.swift */,
			);
			name = Utils;
			sourceTree = "<group>";
		};
		ADEFF82F1C44F68900185A40 /* Transforms */ = {
			isa = PBXGroup;
			children = (
				ADEFF8301C44F6A000185A40 /* DateTimeTransform.swift */,
			);
			name = Transforms;
			sourceTree = "<group>";
		};
		ADF6C4071C5A14F700F3D7D7 /* Home */ = {
			isa = PBXGroup;
			children = (
				AD8A2AED1C6606AE00953065 /* User */,
				ADF6C4081C5A1A9600F3D7D7 /* Home.storyboard */,
				ADF6C4281C65FEDF00F3D7D7 /* HomeTabController.swift */,
				ADDD796D1C71C3180045200E /* HomeController.swift */,
				ADDD796F1C71C8360045200E /* SubscriptionController.swift */,
				ADDD79711C71C8500045200E /* FavouritesController.swift */,
			);
			name = Home;
			sourceTree = "<group>";
		};
		AEFAD9F27DA7CCCB06801EC7 /* Pods */ = {
			isa = PBXGroup;
			children = (
				421C2DB59D336F4BE4B149E9 /* Pods-inksell.debug.xcconfig */,
				A68E287CD7BA83D2AE5C019A /* Pods-inksell.release.xcconfig */,
			);
			name = Pods;
			sourceTree = "<group>";
		};
/* End PBXGroup section */

/* Begin PBXNativeTarget section */
		AD9630E41BDBF48F00ADC405 /* inksell */ = {
			isa = PBXNativeTarget;
			buildConfigurationList = AD9630F71BDBF48F00ADC405 /* Build configuration list for PBXNativeTarget "inksell" */;
			buildPhases = (
				36A7EB25350ABE0008635327 /* Check Pods Manifest.lock */,
				AD9630E11BDBF48F00ADC405 /* Sources */,
				AD9630E21BDBF48F00ADC405 /* Frameworks */,
				AD9630E31BDBF48F00ADC405 /* Resources */,
				AA4599567353AF7385FD5045 /* Embed Pods Frameworks */,
				7ECE5000FCD7C987ACFACCB3 /* Copy Pods Resources */,
			);
			buildRules = (
			);
			dependencies = (
			);
			name = inksell;
			productName = inksell;
			productReference = AD9630E51BDBF48F00ADC405 /* inksell.app */;
			productType = "com.apple.product-type.application";
		};
/* End PBXNativeTarget section */

/* Begin PBXProject section */
		AD9630DD1BDBF48F00ADC405 /* Project object */ = {
			isa = PBXProject;
			attributes = {
				LastSwiftUpdateCheck = 0710;
				LastUpgradeCheck = 0710;
				ORGANIZATIONNAME = inksell;
				TargetAttributes = {
					AD9630E41BDBF48F00ADC405 = {
						CreatedOnToolsVersion = 7.1;
						SystemCapabilities = {
							com.apple.Maps.iOS = {
								enabled = 0;
							};
						};
					};
				};
			};
			buildConfigurationList = AD9630E01BDBF48F00ADC405 /* Build configuration list for PBXProject "inksell" */;
			compatibilityVersion = "Xcode 3.2";
			developmentRegion = English;
			hasScannedForEncodings = 0;
			knownRegions = (
				en,
				Base,
			);
			mainGroup = AD9630DC1BDBF48F00ADC405;
			productRefGroup = AD9630E61BDBF48F00ADC405 /* Products */;
			projectDirPath = "";
			projectRoot = "";
			targets = (
				AD9630E41BDBF48F00ADC405 /* inksell */,
			);
		};
/* End PBXProject section */

/* Begin PBXResourcesBuildPhase section */
		AD9630E31BDBF48F00ADC405 /* Resources */ = {
			isa = PBXResourcesBuildPhase;
			buildActionMask = 2147483647;
			files = (
				AD9630F31BDBF48F00ADC405 /* LaunchScreen.storyboard in Resources */,
				ADDD797C1C71D4960045200E /* TableViewCell.xib in Resources */,
				AD9630F01BDBF48F00ADC405 /* Assets.xcassets in Resources */,
				AD9630EE1BDBF48F00ADC405 /* Login.storyboard in Resources */,
				ADF6C4091C5A1A9600F3D7D7 /* Home.storyboard in Resources */,
			);
			runOnlyForDeploymentPostprocessing = 0;
		};
/* End PBXResourcesBuildPhase section */

/* Begin PBXShellScriptBuildPhase section */
		36A7EB25350ABE0008635327 /* Check Pods Manifest.lock */ = {
			isa = PBXShellScriptBuildPhase;
			buildActionMask = 2147483647;
			files = (
			);
			inputPaths = (
			);
			name = "Check Pods Manifest.lock";
			outputPaths = (
			);
			runOnlyForDeploymentPostprocessing = 0;
			shellPath = /bin/sh;
			shellScript = "diff \"${PODS_ROOT}/../Podfile.lock\" \"${PODS_ROOT}/Manifest.lock\" > /dev/null\nif [[ $? != 0 ]] ; then\n    cat << EOM\nerror: The sandbox is not in sync with the Podfile.lock. Run 'pod install' or update your CocoaPods installation.\nEOM\n    exit 1\nfi\n";
			showEnvVarsInLog = 0;
		};
		7ECE5000FCD7C987ACFACCB3 /* Copy Pods Resources */ = {
			isa = PBXShellScriptBuildPhase;
			buildActionMask = 2147483647;
			files = (
			);
			inputPaths = (
			);
			name = "Copy Pods Resources";
			outputPaths = (
			);
			runOnlyForDeploymentPostprocessing = 0;
			shellPath = /bin/sh;
			shellScript = "\"${SRCROOT}/Pods/Target Support Files/Pods-inksell/Pods-inksell-resources.sh\"\n";
			showEnvVarsInLog = 0;
		};
		AA4599567353AF7385FD5045 /* Embed Pods Frameworks */ = {
			isa = PBXShellScriptBuildPhase;
			buildActionMask = 2147483647;
			files = (
			);
			inputPaths = (
			);
			name = "Embed Pods Frameworks";
			outputPaths = (
			);
			runOnlyForDeploymentPostprocessing = 0;
			shellPath = /bin/sh;
			shellScript = "\"${SRCROOT}/Pods/Target Support Files/Pods-inksell/Pods-inksell-frameworks.sh\"\n";
			showEnvVarsInLog = 0;
		};
/* End PBXShellScriptBuildPhase section */

/* Begin PBXSourcesBuildPhase section */
		AD9630E11BDBF48F00ADC405 /* Sources */ = {
			isa = PBXSourcesBuildPhase;
			buildActionMask = 2147483647;
			files = (
				ADD8D0D91C427B8A00CFCCD2 /* GetServices.swift in Sources */,
				ADEFF8371C4F50AF00185A40 /* OtherEntity.swift in Sources */,
				AD96310C1BDD11A400ADC405 /* StartNavigationController.swift in Sources */,
				ADEFF8431C4F582800185A40 /* VerifyUserEntity.swift in Sources */,
				AD9D42AD1C50CD1C00D21EC5 /* BaseViewController.swift in Sources */,
				AD354BF61C57A49D0094B040 /* AppData.swift in Sources */,
				ADEA90BD1C44DE23009C5E71 /* ContactAdressEntity.swift in Sources */,
				ADDD79721C71C8500045200E /* FavouritesController.swift in Sources */,
				ADEA90B71C44D79B009C5E71 /* ResponseStatus.swift in Sources */,
				AD023AEC1C57AFAA00283305 /* CallbackProtocol.swift in Sources */,
				ADEA90BB1C44DC84009C5E71 /* AutomobileEntity.swift in Sources */,
				AD4D99D11C54DB9D0011C31E /* AlertController.swift in Sources */,
				AD9D42AF1C50D27D00D21EC5 /* ConfigurationManager.swift in Sources */,
				AD9631031BDD06B100ADC405 /* RegisterViewController.swift in Sources */,
				AD2244D31C424C640015BBD3 /* PlatformType.swift in Sources */,
				ADF6C4291C65FEDF00F3D7D7 /* HomeTabController.swift in Sources */,
				AD9631051BDD06D700ADC405 /* VerifyViewController.swift in Sources */,
				AD9630EB1BDBF48F00ADC405 /* ViewController.swift in Sources */,
				ADEFF8331C4F507500185A40 /* ElectronicEntity.swift in Sources */,
				ADEFF8411C4F576700185A40 /* UserEntity.swift in Sources */,
				AD9631091BDD073A00ADC405 /* NewCompanyViewController.swift in Sources */,
				AD4D99CF1C54414C0011C31E /* MyColors.swift in Sources */,
				AD4D99D81C5578540011C31E /* Toasts.swift in Sources */,
				ADD8D0D71C42700600CFCCD2 /* CompanyEntity.swift in Sources */,
				ADEFF83B1C4F53D000185A40 /* MultiplePostDetailsEntity.swift in Sources */,
				AD8A2AEF1C6606F500953065 /* MyAccountController.swift in Sources */,
				ADD8D0E01C43993A00CFCCD2 /* PersistentStorage.swift in Sources */,
				AD2244D11C424BA50015BBD3 /* CategoryType.swift in Sources */,
				AD9D42AA1C50CC6C00D21EC5 /* Utilities.swift in Sources */,
				ADD8D0DD1C42A2FE00CFCCD2 /* LocationEntity.swift in Sources */,
				ADDD797B1C71D4960045200E /* TableViewCell.swift in Sources */,
				ADEFF8391C4F50DD00185A40 /* RealEstateEntity.swift in Sources */,
				AD9630E91BDBF48F00ADC405 /* AppDelegate.swift in Sources */,
				ADEFF8311C44F6A000185A40 /* DateTimeTransform.swift in Sources */,
				ADDD797E1C71D9FB0045200E /* BaseTableViewController.swift in Sources */,
				AD4D99D31C54DCDB0011C31E /* Extentions.swift in Sources */,
				ADEFF83D1C4F557B00185A40 /* PostIdWithCategory.swift in Sources */,
				ADDD796E1C71C3180045200E /* HomeController.swift in Sources */,
				AD2244D61C424CB00015BBD3 /* RestClient.swift in Sources */,
				ADD8D0DB1C428AE500CFCCD2 /* PostServices.swift in Sources */,
				ADDD79701C71C8360045200E /* SubscriptionController.swift in Sources */,
				AD9631071BDD072600ADC405 /* AlreadyViewController.swift in Sources */,
				ADEFF83F1C4F55ED00185A40 /* PostSummaryEntity.swift in Sources */,
				ADEA90B91C44D99E009C5E71 /* FurnishingType.swift in Sources */,
				AD4D99DA1C557CED0011C31E /* StorageConstants.swift in Sources */,
				ADEFF8351C4F509200185A40 /* FurnitureEntity.swift in Sources */,
			);
			runOnlyForDeploymentPostprocessing = 0;
		};
/* End PBXSourcesBuildPhase section */

/* Begin PBXVariantGroup section */
		AD9630EC1BDBF48F00ADC405 /* Login.storyboard */ = {
			isa = PBXVariantGroup;
			children = (
				AD9630ED1BDBF48F00ADC405 /* Base */,
			);
			name = Login.storyboard;
			sourceTree = "<group>";
		};
		AD9630F11BDBF48F00ADC405 /* LaunchScreen.storyboard */ = {
			isa = PBXVariantGroup;
			children = (
				AD9630F21BDBF48F00ADC405 /* Base */,
			);
			name = LaunchScreen.storyboard;
			sourceTree = "<group>";
		};
/* End PBXVariantGroup section */

/* Begin XCBuildConfiguration section */
		AD9630F51BDBF48F00ADC405 /* Debug */ = {
			isa = XCBuildConfiguration;
			buildSettings = {
				ALWAYS_SEARCH_USER_PATHS = NO;
				CLANG_CXX_LANGUAGE_STANDARD = "gnu++0x";
				CLANG_CXX_LIBRARY = "libc++";
				CLANG_ENABLE_MODULES = YES;
				CLANG_ENABLE_OBJC_ARC = YES;
				CLANG_WARN_BOOL_CONVERSION = YES;
				CLANG_WARN_CONSTANT_CONVERSION = YES;
				CLANG_WARN_DIRECT_OBJC_ISA_USAGE = YES_ERROR;
				CLANG_WARN_EMPTY_BODY = YES;
				CLANG_WARN_ENUM_CONVERSION = YES;
				CLANG_WARN_INT_CONVERSION = YES;
				CLANG_WARN_OBJC_ROOT_CLASS = YES_ERROR;
				CLANG_WARN_UNREACHABLE_CODE = YES;
				CLANG_WARN__DUPLICATE_METHOD_MATCH = YES;
				"CODE_SIGN_IDENTITY[sdk=iphoneos*]" = "iPhone Developer";
				COPY_PHASE_STRIP = NO;
				DEBUG_INFORMATION_FORMAT = dwarf;
				ENABLE_STRICT_OBJC_MSGSEND = YES;
				ENABLE_TESTABILITY = YES;
				GCC_C_LANGUAGE_STANDARD = gnu99;
				GCC_DYNAMIC_NO_PIC = NO;
				GCC_NO_COMMON_BLOCKS = YES;
				GCC_OPTIMIZATION_LEVEL = 0;
				GCC_PREPROCESSOR_DEFINITIONS = (
					"DEBUG=1",
					"$(inherited)",
				);
				GCC_WARN_64_TO_32_BIT_CONVERSION = YES;
				GCC_WARN_ABOUT_RETURN_TYPE = YES_ERROR;
				GCC_WARN_UNDECLARED_SELECTOR = YES;
				GCC_WARN_UNINITIALIZED_AUTOS = YES_AGGRESSIVE;
				GCC_WARN_UNUSED_FUNCTION = YES;
				GCC_WARN_UNUSED_VARIABLE = YES;
				IPHONEOS_DEPLOYMENT_TARGET = 9.1;
				MTL_ENABLE_DEBUG_INFO = YES;
				ONLY_ACTIVE_ARCH = YES;
				SDKROOT = iphoneos;
				SWIFT_OPTIMIZATION_LEVEL = "-Onone";
			};
			name = Debug;
		};
		AD9630F61BDBF48F00ADC405 /* Release */ = {
			isa = XCBuildConfiguration;
			buildSettings = {
				ALWAYS_SEARCH_USER_PATHS = NO;
				CLANG_CXX_LANGUAGE_STANDARD = "gnu++0x";
				CLANG_CXX_LIBRARY = "libc++";
				CLANG_ENABLE_MODULES = YES;
				CLANG_ENABLE_OBJC_ARC = YES;
				CLANG_WARN_BOOL_CONVERSION = YES;
				CLANG_WARN_CONSTANT_CONVERSION = YES;
				CLANG_WARN_DIRECT_OBJC_ISA_USAGE = YES_ERROR;
				CLANG_WARN_EMPTY_BODY = YES;
				CLANG_WARN_ENUM_CONVERSION = YES;
				CLANG_WARN_INT_CONVERSION = YES;
				CLANG_WARN_OBJC_ROOT_CLASS = YES_ERROR;
				CLANG_WARN_UNREACHABLE_CODE = YES;
				CLANG_WARN__DUPLICATE_METHOD_MATCH = YES;
				"CODE_SIGN_IDENTITY[sdk=iphoneos*]" = "iPhone Developer";
				COPY_PHASE_STRIP = NO;
				DEBUG_INFORMATION_FORMAT = "dwarf-with-dsym";
				ENABLE_NS_ASSERTIONS = NO;
				ENABLE_STRICT_OBJC_MSGSEND = YES;
				GCC_C_LANGUAGE_STANDARD = gnu99;
				GCC_NO_COMMON_BLOCKS = YES;
				GCC_WARN_64_TO_32_BIT_CONVERSION = YES;
				GCC_WARN_ABOUT_RETURN_TYPE = YES_ERROR;
				GCC_WARN_UNDECLARED_SELECTOR = YES;
				GCC_WARN_UNINITIALIZED_AUTOS = YES_AGGRESSIVE;
				GCC_WARN_UNUSED_FUNCTION = YES;
				GCC_WARN_UNUSED_VARIABLE = YES;
				IPHONEOS_DEPLOYMENT_TARGET = 9.1;
				MTL_ENABLE_DEBUG_INFO = NO;
				SDKROOT = iphoneos;
				VALIDATE_PRODUCT = YES;
			};
			name = Release;
		};
		AD9630F81BDBF48F00ADC405 /* Debug */ = {
			isa = XCBuildConfiguration;
			baseConfigurationReference = 421C2DB59D336F4BE4B149E9 /* Pods-inksell.debug.xcconfig */;
			buildSettings = {
				ASSETCATALOG_COMPILER_APPICON_NAME = AppIcon;
				INFOPLIST_FILE = inksell/Info.plist;
				LD_RUNPATH_SEARCH_PATHS = "$(inherited) @executable_path/Frameworks";
				PRODUCT_BUNDLE_IDENTIFIER = inksell.inksell;
				PRODUCT_NAME = "$(TARGET_NAME)";
			};
			name = Debug;
		};
		AD9630F91BDBF48F00ADC405 /* Release */ = {
			isa = XCBuildConfiguration;
			baseConfigurationReference = A68E287CD7BA83D2AE5C019A /* Pods-inksell.release.xcconfig */;
			buildSettings = {
				ASSETCATALOG_COMPILER_APPICON_NAME = AppIcon;
				INFOPLIST_FILE = inksell/Info.plist;
				LD_RUNPATH_SEARCH_PATHS = "$(inherited) @executable_path/Frameworks";
				PRODUCT_BUNDLE_IDENTIFIER = inksell.inksell;
				PRODUCT_NAME = "$(TARGET_NAME)";
			};
			name = Release;
		};
/* End XCBuildConfiguration section */

/* Begin XCConfigurationList section */
		AD9630E01BDBF48F00ADC405 /* Build configuration list for PBXProject "inksell" */ = {
			isa = XCConfigurationList;
			buildConfigurations = (
				AD9630F51BDBF48F00ADC405 /* Debug */,
				AD9630F61BDBF48F00ADC405 /* Release */,
			);
			defaultConfigurationIsVisible = 0;
			defaultConfigurationName = Release;
		};
		AD9630F71BDBF48F00ADC405 /* Build configuration list for PBXNativeTarget "inksell" */ = {
			isa = XCConfigurationList;
			buildConfigurations = (
				AD9630F81BDBF48F00ADC405 /* Debug */,
				AD9630F91BDBF48F00ADC405 /* Release */,
			);
			defaultConfigurationIsVisible = 0;
			defaultConfigurationName = Release;
		};
/* End XCConfigurationList section */
	};
	rootObject = AD9630DD1BDBF48F00ADC405 /* Project object */;
}
