// !$*UTF8*$!
{
	archiveVersion = 1;
	classes = {
	};
	objectVersion = 46;
	objects = {

/* Begin PBXBuildFile section */
		999316F5C5C10861273E407F /* Pods_inksell.framework in Frameworks */ = {isa = PBXBuildFile; fileRef = 0646FA6C6EEB74A373C61551 /* Pods_inksell.framework */; };
		AD023AEC1C57AFAA00283305 /* CallbackProtocol.swift in Sources */ = {isa = PBXBuildFile; fileRef = AD023AEB1C57AFAA00283305 /* CallbackProtocol.swift */; };
		AD167B871C8C406A00495D59 /* BasePostsViewController.swift in Sources */ = {isa = PBXBuildFile; fileRef = AD167B861C8C406A00495D59 /* BasePostsViewController.swift */; };
		AD167B891C8C408100495D59 /* BasePostsAddViewController.swift in Sources */ = {isa = PBXBuildFile; fileRef = AD167B881C8C408100495D59 /* BasePostsAddViewController.swift */; };
		AD1D09271D659DA800B72F3E /* VerticalScreenLayout.swift in Sources */ = {isa = PBXBuildFile; fileRef = AD1D09261D659DA800B72F3E /* VerticalScreenLayout.swift */; };
		AD1D092F1D659FC900B72F3E /* ContactsAddCell.swift in Sources */ = {isa = PBXBuildFile; fileRef = AD1D092E1D659FC900B72F3E /* ContactsAddCell.swift */; };
		AD1D09311D65A0A700B72F3E /* IAddViewProtocol.swift in Sources */ = {isa = PBXBuildFile; fileRef = AD1D09301D65A0A700B72F3E /* IAddViewProtocol.swift */; };
		AD1D093B1D69604800B72F3E /* AddPostsViewType.swift in Sources */ = {isa = PBXBuildFile; fileRef = AD1D093A1D69604800B72F3E /* AddPostsViewType.swift */; };
		AD1D093F1D69677100B72F3E /* PostsAdd.storyboard in Resources */ = {isa = PBXBuildFile; fileRef = AD1D093E1D69677100B72F3E /* PostsAdd.storyboard */; };
		AD1D09411D696B0800B72F3E /* ContactsAddCell.xib in Resources */ = {isa = PBXBuildFile; fileRef = AD1D09401D696B0800B72F3E /* ContactsAddCell.xib */; };
		AD1D09431D696F5D00B72F3E /* TableSpacingView.xib in Resources */ = {isa = PBXBuildFile; fileRef = AD1D09421D696F5D00B72F3E /* TableSpacingView.xib */; };
		AD1D09451D6975E100B72F3E /* CommonAddCell.xib in Resources */ = {isa = PBXBuildFile; fileRef = AD1D09441D6975E100B72F3E /* CommonAddCell.xib */; };
		AD1D09471D6975F300B72F3E /* CommonAddCell.swift in Sources */ = {isa = PBXBuildFile; fileRef = AD1D09461D6975F300B72F3E /* CommonAddCell.swift */; };
		AD1D09491D69761500B72F3E /* ImagesAddCell.xib in Resources */ = {isa = PBXBuildFile; fileRef = AD1D09481D69761500B72F3E /* ImagesAddCell.xib */; };
		AD1D094B1D69762300B72F3E /* ImagesAddCell.swift in Sources */ = {isa = PBXBuildFile; fileRef = AD1D094A1D69762300B72F3E /* ImagesAddCell.swift */; };
		AD2244D11C424BA50015BBD3 /* CategoryType.swift in Sources */ = {isa = PBXBuildFile; fileRef = AD2244D01C424BA50015BBD3 /* CategoryType.swift */; };
		AD2244D31C424C640015BBD3 /* PlatformType.swift in Sources */ = {isa = PBXBuildFile; fileRef = AD2244D21C424C640015BBD3 /* PlatformType.swift */; };
		AD2244D61C424CB00015BBD3 /* RestClient.swift in Sources */ = {isa = PBXBuildFile; fileRef = AD2244D51C424CB00015BBD3 /* RestClient.swift */; };
		AD354BF61C57A49D0094B040 /* AppData.swift in Sources */ = {isa = PBXBuildFile; fileRef = AD354BF51C57A49D0094B040 /* AppData.swift */; };
		AD47623D1D7813150029FEA5 /* AzureStorageHelper.swift in Sources */ = {isa = PBXBuildFile; fileRef = AD47623C1D7813150029FEA5 /* AzureStorageHelper.swift */; };
		AD4D99CF1C54414C0011C31E /* MyColors.swift in Sources */ = {isa = PBXBuildFile; fileRef = AD4D99CE1C54414C0011C31E /* MyColors.swift */; };
		AD4D99D11C54DB9D0011C31E /* AlertController.swift in Sources */ = {isa = PBXBuildFile; fileRef = AD4D99D01C54DB9D0011C31E /* AlertController.swift */; };
		AD4D99D31C54DCDB0011C31E /* Extentions.swift in Sources */ = {isa = PBXBuildFile; fileRef = AD4D99D21C54DCDB0011C31E /* Extentions.swift */; };
		AD4D99D81C5578540011C31E /* Toasts.swift in Sources */ = {isa = PBXBuildFile; fileRef = AD4D99D71C5578540011C31E /* Toasts.swift */; };
		AD4D99DA1C557CED0011C31E /* StorageConstants.swift in Sources */ = {isa = PBXBuildFile; fileRef = AD4D99D91C557CED0011C31E /* StorageConstants.swift */; };
		AD5F0A601D72EE0F00E5754F /* FilterToHomeProtocol.swift in Sources */ = {isa = PBXBuildFile; fileRef = AD5F0A5F1D72EE0F00E5754F /* FilterToHomeProtocol.swift */; };
		AD5F0A641D73B50E00E5754F /* ImagesHeaderViewCell.xib in Resources */ = {isa = PBXBuildFile; fileRef = AD5F0A631D73B50E00E5754F /* ImagesHeaderViewCell.xib */; };
		AD5F0A661D73B60C00E5754F /* ViewPostsViewType.swift in Sources */ = {isa = PBXBuildFile; fileRef = AD5F0A651D73B60C00E5754F /* ViewPostsViewType.swift */; };
		AD5F0A681D73B85800E5754F /* ImagesHeaderViewCell.swift in Sources */ = {isa = PBXBuildFile; fileRef = AD5F0A671D73B85800E5754F /* ImagesHeaderViewCell.swift */; };
		AD5F0A6C1D73BC1900E5754F /* BaseViewPostCell.swift in Sources */ = {isa = PBXBuildFile; fileRef = AD5F0A6B1D73BC1900E5754F /* BaseViewPostCell.swift */; };
		AD5F0A6E1D73C75E00E5754F /* CommonViewCell.xib in Resources */ = {isa = PBXBuildFile; fileRef = AD5F0A6D1D73C75E00E5754F /* CommonViewCell.xib */; };
		AD5F0A701D73C78000E5754F /* CommonViewCell.swift in Sources */ = {isa = PBXBuildFile; fileRef = AD5F0A6F1D73C78000E5754F /* CommonViewCell.swift */; };
		AD5F0A721D73CA7200E5754F /* LineView.swift in Sources */ = {isa = PBXBuildFile; fileRef = AD5F0A711D73CA7200E5754F /* LineView.swift */; };
		AD5F0A741D7426C200E5754F /* ContactsViewCell.xib in Resources */ = {isa = PBXBuildFile; fileRef = AD5F0A731D7426C200E5754F /* ContactsViewCell.xib */; };
		AD5F0A761D742BBD00E5754F /* ContactsViewCell.swift in Sources */ = {isa = PBXBuildFile; fileRef = AD5F0A751D742BBD00E5754F /* ContactsViewCell.swift */; };
		AD5F0A781D756CE200E5754F /* FavouritesHelper.swift in Sources */ = {isa = PBXBuildFile; fileRef = AD5F0A771D756CE200E5754F /* FavouritesHelper.swift */; };
		AD5F0A7C1D75788C00E5754F /* FavouriteEmptyView.xib in Resources */ = {isa = PBXBuildFile; fileRef = AD5F0A7B1D75788C00E5754F /* FavouriteEmptyView.xib */; };
		AD5F0A7E1D757DB300E5754F /* SubscriptionEmptyView.xib in Resources */ = {isa = PBXBuildFile; fileRef = AD5F0A7D1D757DB300E5754F /* SubscriptionEmptyView.xib */; };
		AD8238921D70257200DC6E57 /* IImagePickerProtocol.swift in Sources */ = {isa = PBXBuildFile; fileRef = AD8238911D70257200DC6E57 /* IImagePickerProtocol.swift */; };
		AD8238941D70313300DC6E57 /* ImageCell.xib in Resources */ = {isa = PBXBuildFile; fileRef = AD8238931D70313300DC6E57 /* ImageCell.xib */; };
		AD8238961D7185AB00DC6E57 /* ImageCell.swift in Sources */ = {isa = PBXBuildFile; fileRef = AD8238951D7185AB00DC6E57 /* ImageCell.swift */; };
		AD8238981D71865600DC6E57 /* BasePostsAddViewControllerCollectionViewExtention.swift in Sources */ = {isa = PBXBuildFile; fileRef = AD8238971D71865600DC6E57 /* BasePostsAddViewControllerCollectionViewExtention.swift */; };
		AD82389A1D719A6400DC6E57 /* BasePostSummaryTableViewController.swift in Sources */ = {isa = PBXBuildFile; fileRef = AD8238991D719A6400DC6E57 /* BasePostSummaryTableViewController.swift */; };
		AD82389C1D71AC6000DC6E57 /* UserInfoController.swift in Sources */ = {isa = PBXBuildFile; fileRef = AD82389B1D71AC6000DC6E57 /* UserInfoController.swift */; };
		AD82389E1D72DAA400DC6E57 /* FilterPopoverController.swift in Sources */ = {isa = PBXBuildFile; fileRef = AD82389D1D72DAA400DC6E57 /* FilterPopoverController.swift */; };
		AD8238A01D72E0C900DC6E57 /* FilterTableCell.xib in Resources */ = {isa = PBXBuildFile; fileRef = AD82389F1D72E0C900DC6E57 /* FilterTableCell.xib */; };
		AD8A2AEF1C6606F500953065 /* MyAccountController.swift in Sources */ = {isa = PBXBuildFile; fileRef = AD8A2AEE1C6606F500953065 /* MyAccountController.swift */; };
		AD9630E91BDBF48F00ADC405 /* AppDelegate.swift in Sources */ = {isa = PBXBuildFile; fileRef = AD9630E81BDBF48F00ADC405 /* AppDelegate.swift */; };
		AD9630EB1BDBF48F00ADC405 /* ViewController.swift in Sources */ = {isa = PBXBuildFile; fileRef = AD9630EA1BDBF48F00ADC405 /* ViewController.swift */; };
		AD9630EE1BDBF48F00ADC405 /* Login.storyboard in Resources */ = {isa = PBXBuildFile; fileRef = AD9630EC1BDBF48F00ADC405 /* Login.storyboard */; };
		AD9630F01BDBF48F00ADC405 /* Assets.xcassets in Resources */ = {isa = PBXBuildFile; fileRef = AD9630EF1BDBF48F00ADC405 /* Assets.xcassets */; };
		AD9630F31BDBF48F00ADC405 /* LaunchScreen.storyboard in Resources */ = {isa = PBXBuildFile; fileRef = AD9630F11BDBF48F00ADC405 /* LaunchScreen.storyboard */; };
		AD9631031BDD06B100ADC405 /* RegisterViewController.swift in Sources */ = {isa = PBXBuildFile; fileRef = AD9631021BDD06B100ADC405 /* RegisterViewController.swift */; };
		AD9631051BDD06D700ADC405 /* VerifyViewController.swift in Sources */ = {isa = PBXBuildFile; fileRef = AD9631041BDD06D700ADC405 /* VerifyViewController.swift */; };
		AD9631071BDD072600ADC405 /* AlreadyViewController.swift in Sources */ = {isa = PBXBuildFile; fileRef = AD9631061BDD072600ADC405 /* AlreadyViewController.swift */; };
		AD9631091BDD073A00ADC405 /* NewCompanyViewController.swift in Sources */ = {isa = PBXBuildFile; fileRef = AD9631081BDD073A00ADC405 /* NewCompanyViewController.swift */; };
		AD96310C1BDD11A400ADC405 /* StartNavigationController.swift in Sources */ = {isa = PBXBuildFile; fileRef = AD96310B1BDD11A400ADC405 /* StartNavigationController.swift */; };
		AD9D42AA1C50CC6C00D21EC5 /* Utilities.swift in Sources */ = {isa = PBXBuildFile; fileRef = AD9D42A91C50CC6C00D21EC5 /* Utilities.swift */; };
		AD9D42AD1C50CD1C00D21EC5 /* BaseViewController.swift in Sources */ = {isa = PBXBuildFile; fileRef = AD9D42AC1C50CD1C00D21EC5 /* BaseViewController.swift */; };
		AD9D42AF1C50D27D00D21EC5 /* ConfigurationManager.swift in Sources */ = {isa = PBXBuildFile; fileRef = AD9D42AE1C50D27D00D21EC5 /* ConfigurationManager.swift */; };
		AD9E39891D5F0ADD00D8D557 /* ScreenName.swift in Sources */ = {isa = PBXBuildFile; fileRef = AD9E39881D5F0ADD00D8D557 /* ScreenName.swift */; };
		ADB7EBEF1C9D5BF400A9C68C /* PostsView.storyboard in Resources */ = {isa = PBXBuildFile; fileRef = ADB7EBEE1C9D5BF400A9C68C /* PostsView.storyboard */; };
		ADBFF66C1D69A5D400323667 /* CustomMaterialTextField.swift in Sources */ = {isa = PBXBuildFile; fileRef = ADBFF66B1D69A5D400323667 /* CustomMaterialTextField.swift */; };
		ADBFF66F1D69A78300323667 /* PlaceholderTextView.swift in Sources */ = {isa = PBXBuildFile; fileRef = ADBFF66E1D69A78300323667 /* PlaceholderTextView.swift */; };
		ADBFF6711D69AF8400323667 /* BaseTableViewCell.swift in Sources */ = {isa = PBXBuildFile; fileRef = ADBFF6701D69AF8400323667 /* BaseTableViewCell.swift */; };
		ADBFF6731D69C95C00323667 /* HomeTableViewController.swift in Sources */ = {isa = PBXBuildFile; fileRef = ADBFF6721D69C95C00323667 /* HomeTableViewController.swift */; };
		ADD8D0D71C42700600CFCCD2 /* CompanyEntity.swift in Sources */ = {isa = PBXBuildFile; fileRef = ADD8D0D61C42700600CFCCD2 /* CompanyEntity.swift */; };
		ADD8D0D91C427B8A00CFCCD2 /* GetServices.swift in Sources */ = {isa = PBXBuildFile; fileRef = ADD8D0D81C427B8A00CFCCD2 /* GetServices.swift */; };
		ADD8D0DB1C428AE500CFCCD2 /* PostServices.swift in Sources */ = {isa = PBXBuildFile; fileRef = ADD8D0DA1C428AE500CFCCD2 /* PostServices.swift */; };
		ADD8D0DD1C42A2FE00CFCCD2 /* LocationEntity.swift in Sources */ = {isa = PBXBuildFile; fileRef = ADD8D0DC1C42A2FE00CFCCD2 /* LocationEntity.swift */; };
		ADD8D0E01C43993A00CFCCD2 /* PersistentStorage.swift in Sources */ = {isa = PBXBuildFile; fileRef = ADD8D0DF1C43993A00CFCCD2 /* PersistentStorage.swift */; };
		ADDD796E1C71C3180045200E /* HomeController.swift in Sources */ = {isa = PBXBuildFile; fileRef = ADDD796D1C71C3180045200E /* HomeController.swift */; };
		ADDD79701C71C8360045200E /* SubscriptionController.swift in Sources */ = {isa = PBXBuildFile; fileRef = ADDD796F1C71C8360045200E /* SubscriptionController.swift */; };
		ADDD79721C71C8500045200E /* FavouritesController.swift in Sources */ = {isa = PBXBuildFile; fileRef = ADDD79711C71C8500045200E /* FavouritesController.swift */; };
		ADDD797B1C71D4960045200E /* TableViewCellWithPic.swift in Sources */ = {isa = PBXBuildFile; fileRef = ADDD79791C71D4960045200E /* TableViewCellWithPic.swift */; };
		ADDD797C1C71D4960045200E /* TableViewCellWithPic.xib in Resources */ = {isa = PBXBuildFile; fileRef = ADDD797A1C71D4960045200E /* TableViewCellWithPic.xib */; };
		ADDD797E1C71D9FB0045200E /* BaseTableViewController.swift in Sources */ = {isa = PBXBuildFile; fileRef = ADDD797D1C71D9FB0045200E /* BaseTableViewController.swift */; };
		ADDD79811C72B1B70045200E /* TableViewCellWithoutPic.swift in Sources */ = {isa = PBXBuildFile; fileRef = ADDD797F1C72B1B70045200E /* TableViewCellWithoutPic.swift */; };
		ADDD79821C72B1B70045200E /* TableViewCellWithoutPic.xib in Resources */ = {isa = PBXBuildFile; fileRef = ADDD79801C72B1B70045200E /* TableViewCellWithoutPic.xib */; };
		ADE1CD831D867BAB00F6BAD9 /* RealEstateAddCell.xib in Resources */ = {isa = PBXBuildFile; fileRef = ADE1CD821D867BAB00F6BAD9 /* RealEstateAddCell.xib */; };
		ADE1CD851D867BC200F6BAD9 /* RealEstateAddCell.swift in Sources */ = {isa = PBXBuildFile; fileRef = ADE1CD841D867BC200F6BAD9 /* RealEstateAddCell.swift */; };
		ADE1CD871D87D29700F6BAD9 /* MapAddCell.xib in Resources */ = {isa = PBXBuildFile; fileRef = ADE1CD861D87D29700F6BAD9 /* MapAddCell.xib */; };
		ADE1CD891D87D2A500F6BAD9 /* MapAddCell.swift in Sources */ = {isa = PBXBuildFile; fileRef = ADE1CD881D87D2A500F6BAD9 /* MapAddCell.swift */; };
		ADE1CD8F1D87D81100F6BAD9 /* MapViewCell.swift in Sources */ = {isa = PBXBuildFile; fileRef = ADE1CD8E1D87D81100F6BAD9 /* MapViewCell.swift */; };
		ADE1CD911D87D81E00F6BAD9 /* MapViewCell.xib in Resources */ = {isa = PBXBuildFile; fileRef = ADE1CD901D87D81E00F6BAD9 /* MapViewCell.xib */; };
		ADE2E2221D6D8DC000442AF7 /* IPostEntity.swift in Sources */ = {isa = PBXBuildFile; fileRef = ADE2E2211D6D8DC000442AF7 /* IPostEntity.swift */; };
		ADEA90B71C44D79B009C5E71 /* ResponseStatus.swift in Sources */ = {isa = PBXBuildFile; fileRef = ADEA90B61C44D79B009C5E71 /* ResponseStatus.swift */; };
		ADEA90B91C44D99E009C5E71 /* FurnishingType.swift in Sources */ = {isa = PBXBuildFile; fileRef = ADEA90B81C44D99E009C5E71 /* FurnishingType.swift */; };
		ADEA90BB1C44DC84009C5E71 /* AutomobileEntity.swift in Sources */ = {isa = PBXBuildFile; fileRef = ADEA90BA1C44DC84009C5E71 /* AutomobileEntity.swift */; };
		ADEA90BD1C44DE23009C5E71 /* ContactAdressEntity.swift in Sources */ = {isa = PBXBuildFile; fileRef = ADEA90BC1C44DE23009C5E71 /* ContactAdressEntity.swift */; };
		ADEFF8311C44F6A000185A40 /* DateTimeTransform.swift in Sources */ = {isa = PBXBuildFile; fileRef = ADEFF8301C44F6A000185A40 /* DateTimeTransform.swift */; };
		ADEFF8331C4F507500185A40 /* ElectronicEntity.swift in Sources */ = {isa = PBXBuildFile; fileRef = ADEFF8321C4F507500185A40 /* ElectronicEntity.swift */; };
		ADEFF8351C4F509200185A40 /* FurnitureEntity.swift in Sources */ = {isa = PBXBuildFile; fileRef = ADEFF8341C4F509200185A40 /* FurnitureEntity.swift */; };
		ADEFF8371C4F50AF00185A40 /* OtherEntity.swift in Sources */ = {isa = PBXBuildFile; fileRef = ADEFF8361C4F50AF00185A40 /* OtherEntity.swift */; };
		ADEFF8391C4F50DD00185A40 /* RealEstateEntity.swift in Sources */ = {isa = PBXBuildFile; fileRef = ADEFF8381C4F50DD00185A40 /* RealEstateEntity.swift */; };
		ADEFF83B1C4F53D000185A40 /* MultiplePostDetailsEntity.swift in Sources */ = {isa = PBXBuildFile; fileRef = ADEFF83A1C4F53D000185A40 /* MultiplePostDetailsEntity.swift */; };
		ADEFF83D1C4F557B00185A40 /* PostIdWithCategory.swift in Sources */ = {isa = PBXBuildFile; fileRef = ADEFF83C1C4F557B00185A40 /* PostIdWithCategory.swift */; };
		ADEFF83F1C4F55ED00185A40 /* PostSummaryEntity.swift in Sources */ = {isa = PBXBuildFile; fileRef = ADEFF83E1C4F55ED00185A40 /* PostSummaryEntity.swift */; };
		ADEFF8411C4F576700185A40 /* UserEntity.swift in Sources */ = {isa = PBXBuildFile; fileRef = ADEFF8401C4F576700185A40 /* UserEntity.swift */; };
		ADEFF8431C4F582800185A40 /* VerifyUserEntity.swift in Sources */ = {isa = PBXBuildFile; fileRef = ADEFF8421C4F582800185A40 /* VerifyUserEntity.swift */; };
		ADF6C4091C5A1A9600F3D7D7 /* Home.storyboard in Resources */ = {isa = PBXBuildFile; fileRef = ADF6C4081C5A1A9600F3D7D7 /* Home.storyboard */; };
		ADF6C4291C65FEDF00F3D7D7 /* HomeTabController.swift in Sources */ = {isa = PBXBuildFile; fileRef = ADF6C4281C65FEDF00F3D7D7 /* HomeTabController.swift */; };
		ADFF3FED1D8521EE00F56702 /* HeaderViewCell.xib in Resources */ = {isa = PBXBuildFile; fileRef = ADFF3FEC1D8521EE00F56702 /* HeaderViewCell.xib */; };
		ADFF3FEF1D85247300F56702 /* HeaderViewCell.swift in Sources */ = {isa = PBXBuildFile; fileRef = ADFF3FEE1D85247300F56702 /* HeaderViewCell.swift */; };
		ADFF3FF11D852FB500F56702 /* RealEstateViewCell.xib in Resources */ = {isa = PBXBuildFile; fileRef = ADFF3FF01D852FB500F56702 /* RealEstateViewCell.xib */; };
		ADFF3FF31D852FC900F56702 /* RealEstateViewCell.swift in Sources */ = {isa = PBXBuildFile; fileRef = ADFF3FF21D852FC900F56702 /* RealEstateViewCell.swift */; };
/* End PBXBuildFile section */

/* Begin PBXFileReference section */
		0646FA6C6EEB74A373C61551 /* Pods_inksell.framework */ = {isa = PBXFileReference; explicitFileType = wrapper.framework; includeInIndex = 0; path = Pods_inksell.framework; sourceTree = BUILT_PRODUCTS_DIR; };
		421C2DB59D336F4BE4B149E9 /* Pods-inksell.debug.xcconfig */ = {isa = PBXFileReference; includeInIndex = 1; lastKnownFileType = text.xcconfig; name = "Pods-inksell.debug.xcconfig"; path = "Pods/Target Support Files/Pods-inksell/Pods-inksell.debug.xcconfig"; sourceTree = "<group>"; };
		A68E287CD7BA83D2AE5C019A /* Pods-inksell.release.xcconfig */ = {isa = PBXFileReference; includeInIndex = 1; lastKnownFileType = text.xcconfig; name = "Pods-inksell.release.xcconfig"; path = "Pods/Target Support Files/Pods-inksell/Pods-inksell.release.xcconfig"; sourceTree = "<group>"; };
		AD023AEB1C57AFAA00283305 /* CallbackProtocol.swift */ = {isa = PBXFileReference; fileEncoding = 4; lastKnownFileType = sourcecode.swift; name = CallbackProtocol.swift; path = inksell/Services/CallbackProtocol.swift; sourceTree = SOURCE_ROOT; };
		AD167B861C8C406A00495D59 /* BasePostsViewController.swift */ = {isa = PBXFileReference; fileEncoding = 4; lastKnownFileType = sourcecode.swift; name = BasePostsViewController.swift; path = inksell/inksell/Posts/View/BasePostsViewController.swift; sourceTree = SOURCE_ROOT; };
		AD167B881C8C408100495D59 /* BasePostsAddViewController.swift */ = {isa = PBXFileReference; fileEncoding = 4; lastKnownFileType = sourcecode.swift; path = BasePostsAddViewController.swift; sourceTree = "<group>"; };
		AD1D09261D659DA800B72F3E /* VerticalScreenLayout.swift */ = {isa = PBXFileReference; fileEncoding = 4; lastKnownFileType = sourcecode.swift; path = VerticalScreenLayout.swift; sourceTree = "<group>"; };
		AD1D092E1D659FC900B72F3E /* ContactsAddCell.swift */ = {isa = PBXFileReference; fileEncoding = 4; lastKnownFileType = sourcecode.swift; path = ContactsAddCell.swift; sourceTree = "<group>"; };
		AD1D09301D65A0A700B72F3E /* IAddViewProtocol.swift */ = {isa = PBXFileReference; fileEncoding = 4; lastKnownFileType = sourcecode.swift; path = IAddViewProtocol.swift; sourceTree = "<group>"; };
		AD1D093A1D69604800B72F3E /* AddPostsViewType.swift */ = {isa = PBXFileReference; fileEncoding = 4; lastKnownFileType = sourcecode.swift; path = AddPostsViewType.swift; sourceTree = "<group>"; };
		AD1D093E1D69677100B72F3E /* PostsAdd.storyboard */ = {isa = PBXFileReference; fileEncoding = 4; lastKnownFileType = file.storyboard; path = PostsAdd.storyboard; sourceTree = "<group>"; };
		AD1D09401D696B0800B72F3E /* ContactsAddCell.xib */ = {isa = PBXFileReference; fileEncoding = 4; lastKnownFileType = file.xib; path = ContactsAddCell.xib; sourceTree = "<group>"; };
		AD1D09421D696F5D00B72F3E /* TableSpacingView.xib */ = {isa = PBXFileReference; fileEncoding = 4; lastKnownFileType = file.xib; path = TableSpacingView.xib; sourceTree = "<group>"; };
		AD1D09441D6975E100B72F3E /* CommonAddCell.xib */ = {isa = PBXFileReference; fileEncoding = 4; lastKnownFileType = file.xib; path = CommonAddCell.xib; sourceTree = "<group>"; };
		AD1D09461D6975F300B72F3E /* CommonAddCell.swift */ = {isa = PBXFileReference; fileEncoding = 4; lastKnownFileType = sourcecode.swift; path = CommonAddCell.swift; sourceTree = "<group>"; };
		AD1D09481D69761500B72F3E /* ImagesAddCell.xib */ = {isa = PBXFileReference; fileEncoding = 4; lastKnownFileType = file.xib; path = ImagesAddCell.xib; sourceTree = "<group>"; };
		AD1D094A1D69762300B72F3E /* ImagesAddCell.swift */ = {isa = PBXFileReference; fileEncoding = 4; lastKnownFileType = sourcecode.swift; path = ImagesAddCell.swift; sourceTree = "<group>"; };
		AD2244D01C424BA50015BBD3 /* CategoryType.swift */ = {isa = PBXFileReference; fileEncoding = 4; lastKnownFileType = sourcecode.swift; name = CategoryType.swift; path = inksell/Enums/CategoryType.swift; sourceTree = SOURCE_ROOT; };
		AD2244D21C424C640015BBD3 /* PlatformType.swift */ = {isa = PBXFileReference; fileEncoding = 4; lastKnownFileType = sourcecode.swift; name = PlatformType.swift; path = inksell/Enums/PlatformType.swift; sourceTree = SOURCE_ROOT; };
		AD2244D51C424CB00015BBD3 /* RestClient.swift */ = {isa = PBXFileReference; fileEncoding = 4; lastKnownFileType = sourcecode.swift; name = RestClient.swift; path = inksell/Services/RestClient.swift; sourceTree = SOURCE_ROOT; };
		AD354BF51C57A49D0094B040 /* AppData.swift */ = {isa = PBXFileReference; fileEncoding = 4; lastKnownFileType = sourcecode.swift; name = AppData.swift; path = inksell/Constants/AppData.swift; sourceTree = SOURCE_ROOT; };
		AD47623C1D7813150029FEA5 /* AzureStorageHelper.swift */ = {isa = PBXFileReference; fileEncoding = 4; lastKnownFileType = sourcecode.swift; path = AzureStorageHelper.swift; sourceTree = "<group>"; };
		AD4D99CE1C54414C0011C31E /* MyColors.swift */ = {isa = PBXFileReference; fileEncoding = 4; lastKnownFileType = sourcecode.swift; name = MyColors.swift; path = inksell/Extentions/MyColors.swift; sourceTree = SOURCE_ROOT; };
		AD4D99D01C54DB9D0011C31E /* AlertController.swift */ = {isa = PBXFileReference; fileEncoding = 4; lastKnownFileType = sourcecode.swift; name = AlertController.swift; path = inksell/Utils/AlertController.swift; sourceTree = SOURCE_ROOT; };
		AD4D99D21C54DCDB0011C31E /* Extentions.swift */ = {isa = PBXFileReference; fileEncoding = 4; lastKnownFileType = sourcecode.swift; name = Extentions.swift; path = inksell/Extentions/Extentions.swift; sourceTree = SOURCE_ROOT; };
		AD4D99D71C5578540011C31E /* Toasts.swift */ = {isa = PBXFileReference; fileEncoding = 4; lastKnownFileType = sourcecode.swift; name = Toasts.swift; path = inksell/Extentions/Toasts.swift; sourceTree = SOURCE_ROOT; };
		AD4D99D91C557CED0011C31E /* StorageConstants.swift */ = {isa = PBXFileReference; fileEncoding = 4; lastKnownFileType = sourcecode.swift; name = StorageConstants.swift; path = inksell/Constants/StorageConstants.swift; sourceTree = SOURCE_ROOT; };
		AD5F0A5F1D72EE0F00E5754F /* FilterToHomeProtocol.swift */ = {isa = PBXFileReference; fileEncoding = 4; lastKnownFileType = sourcecode.swift; path = FilterToHomeProtocol.swift; sourceTree = "<group>"; };
		AD5F0A631D73B50E00E5754F /* ImagesHeaderViewCell.xib */ = {isa = PBXFileReference; fileEncoding = 4; lastKnownFileType = file.xib; path = ImagesHeaderViewCell.xib; sourceTree = "<group>"; };
		AD5F0A651D73B60C00E5754F /* ViewPostsViewType.swift */ = {isa = PBXFileReference; fileEncoding = 4; lastKnownFileType = sourcecode.swift; path = ViewPostsViewType.swift; sourceTree = "<group>"; };
		AD5F0A671D73B85800E5754F /* ImagesHeaderViewCell.swift */ = {isa = PBXFileReference; fileEncoding = 4; lastKnownFileType = sourcecode.swift; path = ImagesHeaderViewCell.swift; sourceTree = "<group>"; };
		AD5F0A6B1D73BC1900E5754F /* BaseViewPostCell.swift */ = {isa = PBXFileReference; fileEncoding = 4; lastKnownFileType = sourcecode.swift; path = BaseViewPostCell.swift; sourceTree = "<group>"; };
		AD5F0A6D1D73C75E00E5754F /* CommonViewCell.xib */ = {isa = PBXFileReference; fileEncoding = 4; lastKnownFileType = file.xib; path = CommonViewCell.xib; sourceTree = "<group>"; };
		AD5F0A6F1D73C78000E5754F /* CommonViewCell.swift */ = {isa = PBXFileReference; fileEncoding = 4; lastKnownFileType = sourcecode.swift; path = CommonViewCell.swift; sourceTree = "<group>"; };
		AD5F0A711D73CA7200E5754F /* LineView.swift */ = {isa = PBXFileReference; fileEncoding = 4; lastKnownFileType = sourcecode.swift; path = LineView.swift; sourceTree = "<group>"; };
		AD5F0A731D7426C200E5754F /* ContactsViewCell.xib */ = {isa = PBXFileReference; fileEncoding = 4; lastKnownFileType = file.xib; path = ContactsViewCell.xib; sourceTree = "<group>"; };
		AD5F0A751D742BBD00E5754F /* ContactsViewCell.swift */ = {isa = PBXFileReference; fileEncoding = 4; lastKnownFileType = sourcecode.swift; path = ContactsViewCell.swift; sourceTree = "<group>"; };
		AD5F0A771D756CE200E5754F /* FavouritesHelper.swift */ = {isa = PBXFileReference; fileEncoding = 4; lastKnownFileType = sourcecode.swift; path = FavouritesHelper.swift; sourceTree = "<group>"; };
		AD5F0A7B1D75788C00E5754F /* FavouriteEmptyView.xib */ = {isa = PBXFileReference; fileEncoding = 4; lastKnownFileType = file.xib; path = FavouriteEmptyView.xib; sourceTree = "<group>"; };
		AD5F0A7D1D757DB300E5754F /* SubscriptionEmptyView.xib */ = {isa = PBXFileReference; fileEncoding = 4; lastKnownFileType = file.xib; path = SubscriptionEmptyView.xib; sourceTree = "<group>"; };
		AD8238911D70257200DC6E57 /* IImagePickerProtocol.swift */ = {isa = PBXFileReference; fileEncoding = 4; lastKnownFileType = sourcecode.swift; path = IImagePickerProtocol.swift; sourceTree = "<group>"; };
		AD8238931D70313300DC6E57 /* ImageCell.xib */ = {isa = PBXFileReference; fileEncoding = 4; lastKnownFileType = file.xib; path = ImageCell.xib; sourceTree = "<group>"; };
		AD8238951D7185AB00DC6E57 /* ImageCell.swift */ = {isa = PBXFileReference; fileEncoding = 4; lastKnownFileType = sourcecode.swift; path = ImageCell.swift; sourceTree = "<group>"; };
		AD8238971D71865600DC6E57 /* BasePostsAddViewControllerCollectionViewExtention.swift */ = {isa = PBXFileReference; fileEncoding = 4; lastKnownFileType = sourcecode.swift; path = BasePostsAddViewControllerCollectionViewExtention.swift; sourceTree = "<group>"; };
		AD8238991D719A6400DC6E57 /* BasePostSummaryTableViewController.swift */ = {isa = PBXFileReference; fileEncoding = 4; lastKnownFileType = sourcecode.swift; path = BasePostSummaryTableViewController.swift; sourceTree = "<group>"; };
		AD82389B1D71AC6000DC6E57 /* UserInfoController.swift */ = {isa = PBXFileReference; fileEncoding = 4; lastKnownFileType = sourcecode.swift; path = UserInfoController.swift; sourceTree = "<group>"; };
		AD82389D1D72DAA400DC6E57 /* FilterPopoverController.swift */ = {isa = PBXFileReference; fileEncoding = 4; lastKnownFileType = sourcecode.swift; path = FilterPopoverController.swift; sourceTree = "<group>"; };
		AD82389F1D72E0C900DC6E57 /* FilterTableCell.xib */ = {isa = PBXFileReference; fileEncoding = 4; lastKnownFileType = file.xib; path = FilterTableCell.xib; sourceTree = "<group>"; };
		AD8A2AEE1C6606F500953065 /* MyAccountController.swift */ = {isa = PBXFileReference; fileEncoding = 4; lastKnownFileType = sourcecode.swift; name = MyAccountController.swift; path = inksell/inksell/Home/User/MyAccountController.swift; sourceTree = SOURCE_ROOT; };
		AD9630E51BDBF48F00ADC405 /* inksell.app */ = {isa = PBXFileReference; explicitFileType = wrapper.application; includeInIndex = 0; path = inksell.app; sourceTree = BUILT_PRODUCTS_DIR; };
		AD9630E81BDBF48F00ADC405 /* AppDelegate.swift */ = {isa = PBXFileReference; lastKnownFileType = sourcecode.swift; path = AppDelegate.swift; sourceTree = "<group>"; };
		AD9630EA1BDBF48F00ADC405 /* ViewController.swift */ = {isa = PBXFileReference; lastKnownFileType = sourcecode.swift; path = ViewController.swift; sourceTree = "<group>"; };
		AD9630ED1BDBF48F00ADC405 /* Base */ = {isa = PBXFileReference; lastKnownFileType = file.storyboard; name = Base; path = Base.lproj/Login.storyboard; sourceTree = "<group>"; };
		AD9630EF1BDBF48F00ADC405 /* Assets.xcassets */ = {isa = PBXFileReference; lastKnownFileType = folder.assetcatalog; path = Assets.xcassets; sourceTree = "<group>"; };
		AD9630F21BDBF48F00ADC405 /* Base */ = {isa = PBXFileReference; lastKnownFileType = file.storyboard; name = Base; path = Base.lproj/LaunchScreen.storyboard; sourceTree = "<group>"; };
		AD9630F41BDBF48F00ADC405 /* Info.plist */ = {isa = PBXFileReference; lastKnownFileType = text.plist.xml; path = Info.plist; sourceTree = "<group>"; };
		AD9631021BDD06B100ADC405 /* RegisterViewController.swift */ = {isa = PBXFileReference; fileEncoding = 4; lastKnownFileType = sourcecode.swift; name = RegisterViewController.swift; path = inksell/inksell/login/RegisterViewController.swift; sourceTree = SOURCE_ROOT; };
		AD9631041BDD06D700ADC405 /* VerifyViewController.swift */ = {isa = PBXFileReference; fileEncoding = 4; lastKnownFileType = sourcecode.swift; name = VerifyViewController.swift; path = inksell/inksell/login/VerifyViewController.swift; sourceTree = SOURCE_ROOT; };
		AD9631061BDD072600ADC405 /* AlreadyViewController.swift */ = {isa = PBXFileReference; fileEncoding = 4; lastKnownFileType = sourcecode.swift; name = AlreadyViewController.swift; path = inksell/inksell/login/AlreadyViewController.swift; sourceTree = SOURCE_ROOT; };
		AD9631081BDD073A00ADC405 /* NewCompanyViewController.swift */ = {isa = PBXFileReference; fileEncoding = 4; lastKnownFileType = sourcecode.swift; name = NewCompanyViewController.swift; path = inksell/inksell/login/NewCompanyViewController.swift; sourceTree = SOURCE_ROOT; };
		AD96310B1BDD11A400ADC405 /* StartNavigationController.swift */ = {isa = PBXFileReference; fileEncoding = 4; lastKnownFileType = sourcecode.swift; name = StartNavigationController.swift; path = inksell/inksell/login/StartNavigationController.swift; sourceTree = SOURCE_ROOT; };
		AD9D42A91C50CC6C00D21EC5 /* Utilities.swift */ = {isa = PBXFileReference; fileEncoding = 4; lastKnownFileType = sourcecode.swift; name = Utilities.swift; path = inksell/Utils/Utilities.swift; sourceTree = SOURCE_ROOT; };
		AD9D42AC1C50CD1C00D21EC5 /* BaseViewController.swift */ = {isa = PBXFileReference; fileEncoding = 4; lastKnownFileType = sourcecode.swift; name = BaseViewController.swift; path = inksell/inksell/Common/BaseViewController.swift; sourceTree = SOURCE_ROOT; };
		AD9D42AE1C50D27D00D21EC5 /* ConfigurationManager.swift */ = {isa = PBXFileReference; fileEncoding = 4; lastKnownFileType = sourcecode.swift; name = ConfigurationManager.swift; path = inksell/Utils/ConfigurationManager.swift; sourceTree = SOURCE_ROOT; };
		AD9E39881D5F0ADD00D8D557 /* ScreenName.swift */ = {isa = PBXFileReference; fileEncoding = 4; lastKnownFileType = sourcecode.swift; name = ScreenName.swift; path = inksell/Constants/ScreenName.swift; sourceTree = SOURCE_ROOT; };
		ADB7EBEE1C9D5BF400A9C68C /* PostsView.storyboard */ = {isa = PBXFileReference; fileEncoding = 4; lastKnownFileType = file.storyboard; name = PostsView.storyboard; path = inksell/inksell/Posts/View/PostsView.storyboard; sourceTree = SOURCE_ROOT; };
		ADBFF66B1D69A5D400323667 /* CustomMaterialTextField.swift */ = {isa = PBXFileReference; fileEncoding = 4; lastKnownFileType = sourcecode.swift; name = CustomMaterialTextField.swift; path = inksell/Utils/CustomControls/CustomMaterialTextField.swift; sourceTree = SOURCE_ROOT; };
		ADBFF66E1D69A78300323667 /* PlaceholderTextView.swift */ = {isa = PBXFileReference; fileEncoding = 4; lastKnownFileType = sourcecode.swift; path = PlaceholderTextView.swift; sourceTree = "<group>"; };
		ADBFF6701D69AF8400323667 /* BaseTableViewCell.swift */ = {isa = PBXFileReference; fileEncoding = 4; lastKnownFileType = sourcecode.swift; path = BaseTableViewCell.swift; sourceTree = "<group>"; };
		ADBFF6721D69C95C00323667 /* HomeTableViewController.swift */ = {isa = PBXFileReference; fileEncoding = 4; lastKnownFileType = sourcecode.swift; path = HomeTableViewController.swift; sourceTree = "<group>"; };
		ADD8D0D61C42700600CFCCD2 /* CompanyEntity.swift */ = {isa = PBXFileReference; fileEncoding = 4; lastKnownFileType = sourcecode.swift; name = CompanyEntity.swift; path = inksell/Models/CompanyEntity.swift; sourceTree = SOURCE_ROOT; };
		ADD8D0D81C427B8A00CFCCD2 /* GetServices.swift */ = {isa = PBXFileReference; fileEncoding = 4; lastKnownFileType = sourcecode.swift; name = GetServices.swift; path = inksell/Services/GetServices.swift; sourceTree = SOURCE_ROOT; };
		ADD8D0DA1C428AE500CFCCD2 /* PostServices.swift */ = {isa = PBXFileReference; fileEncoding = 4; lastKnownFileType = sourcecode.swift; name = PostServices.swift; path = inksell/Services/PostServices.swift; sourceTree = SOURCE_ROOT; };
		ADD8D0DC1C42A2FE00CFCCD2 /* LocationEntity.swift */ = {isa = PBXFileReference; fileEncoding = 4; lastKnownFileType = sourcecode.swift; name = LocationEntity.swift; path = inksell/Models/LocationEntity.swift; sourceTree = SOURCE_ROOT; };
		ADD8D0DF1C43993A00CFCCD2 /* PersistentStorage.swift */ = {isa = PBXFileReference; fileEncoding = 4; lastKnownFileType = sourcecode.swift; name = PersistentStorage.swift; path = inksell/Utils/PersistentStorage.swift; sourceTree = SOURCE_ROOT; };
		ADDD796D1C71C3180045200E /* HomeController.swift */ = {isa = PBXFileReference; fileEncoding = 4; lastKnownFileType = sourcecode.swift; name = HomeController.swift; path = inksell/inksell/Home/Home/HomeController.swift; sourceTree = SOURCE_ROOT; };
		ADDD796F1C71C8360045200E /* SubscriptionController.swift */ = {isa = PBXFileReference; fileEncoding = 4; lastKnownFileType = sourcecode.swift; name = SubscriptionController.swift; path = inksell/inksell/Home/Subscription/SubscriptionController.swift; sourceTree = SOURCE_ROOT; };
		ADDD79711C71C8500045200E /* FavouritesController.swift */ = {isa = PBXFileReference; fileEncoding = 4; lastKnownFileType = sourcecode.swift; name = FavouritesController.swift; path = inksell/inksell/Home/Favourites/FavouritesController.swift; sourceTree = SOURCE_ROOT; };
		ADDD79791C71D4960045200E /* TableViewCellWithPic.swift */ = {isa = PBXFileReference; fileEncoding = 4; lastKnownFileType = sourcecode.swift; name = TableViewCellWithPic.swift; path = inksell/inksell/Common/TableViewCellWithPic.swift; sourceTree = SOURCE_ROOT; };
		ADDD797A1C71D4960045200E /* TableViewCellWithPic.xib */ = {isa = PBXFileReference; fileEncoding = 4; lastKnownFileType = file.xib; name = TableViewCellWithPic.xib; path = inksell/inksell/Common/TableViewCellWithPic.xib; sourceTree = SOURCE_ROOT; };
		ADDD797D1C71D9FB0045200E /* BaseTableViewController.swift */ = {isa = PBXFileReference; fileEncoding = 4; lastKnownFileType = sourcecode.swift; name = BaseTableViewController.swift; path = inksell/inksell/Common/BaseTableViewController.swift; sourceTree = SOURCE_ROOT; };
		ADDD797F1C72B1B70045200E /* TableViewCellWithoutPic.swift */ = {isa = PBXFileReference; fileEncoding = 4; lastKnownFileType = sourcecode.swift; name = TableViewCellWithoutPic.swift; path = inksell/inksell/Common/TableViewCellWithoutPic.swift; sourceTree = SOURCE_ROOT; };
		ADDD79801C72B1B70045200E /* TableViewCellWithoutPic.xib */ = {isa = PBXFileReference; fileEncoding = 4; lastKnownFileType = file.xib; name = TableViewCellWithoutPic.xib; path = inksell/inksell/Common/TableViewCellWithoutPic.xib; sourceTree = SOURCE_ROOT; };
		ADE1CD821D867BAB00F6BAD9 /* RealEstateAddCell.xib */ = {isa = PBXFileReference; fileEncoding = 4; lastKnownFileType = file.xib; path = RealEstateAddCell.xib; sourceTree = "<group>"; };
		ADE1CD841D867BC200F6BAD9 /* RealEstateAddCell.swift */ = {isa = PBXFileReference; fileEncoding = 4; lastKnownFileType = sourcecode.swift; path = RealEstateAddCell.swift; sourceTree = "<group>"; };
		ADE1CD861D87D29700F6BAD9 /* MapAddCell.xib */ = {isa = PBXFileReference; fileEncoding = 4; lastKnownFileType = file.xib; path = MapAddCell.xib; sourceTree = "<group>"; };
		ADE1CD881D87D2A500F6BAD9 /* MapAddCell.swift */ = {isa = PBXFileReference; fileEncoding = 4; lastKnownFileType = sourcecode.swift; path = MapAddCell.swift; sourceTree = "<group>"; };
		ADE1CD8E1D87D81100F6BAD9 /* MapViewCell.swift */ = {isa = PBXFileReference; fileEncoding = 4; lastKnownFileType = sourcecode.swift; path = MapViewCell.swift; sourceTree = "<group>"; };
		ADE1CD901D87D81E00F6BAD9 /* MapViewCell.xib */ = {isa = PBXFileReference; fileEncoding = 4; lastKnownFileType = file.xib; path = MapViewCell.xib; sourceTree = "<group>"; };
		ADE2E2211D6D8DC000442AF7 /* IPostEntity.swift */ = {isa = PBXFileReference; fileEncoding = 4; lastKnownFileType = sourcecode.swift; path = IPostEntity.swift; sourceTree = "<group>"; };
		ADEA90B61C44D79B009C5E71 /* ResponseStatus.swift */ = {isa = PBXFileReference; fileEncoding = 4; lastKnownFileType = sourcecode.swift; name = ResponseStatus.swift; path = inksell/Enums/ResponseStatus.swift; sourceTree = SOURCE_ROOT; };
		ADEA90B81C44D99E009C5E71 /* FurnishingType.swift */ = {isa = PBXFileReference; fileEncoding = 4; lastKnownFileType = sourcecode.swift; name = FurnishingType.swift; path = inksell/Enums/FurnishingType.swift; sourceTree = SOURCE_ROOT; };
		ADEA90BA1C44DC84009C5E71 /* AutomobileEntity.swift */ = {isa = PBXFileReference; fileEncoding = 4; lastKnownFileType = sourcecode.swift; name = AutomobileEntity.swift; path = inksell/Models/AutomobileEntity.swift; sourceTree = SOURCE_ROOT; };
		ADEA90BC1C44DE23009C5E71 /* ContactAdressEntity.swift */ = {isa = PBXFileReference; fileEncoding = 4; lastKnownFileType = sourcecode.swift; name = ContactAdressEntity.swift; path = inksell/Models/ContactAdressEntity.swift; sourceTree = SOURCE_ROOT; };
		ADEFF8301C44F6A000185A40 /* DateTimeTransform.swift */ = {isa = PBXFileReference; fileEncoding = 4; lastKnownFileType = sourcecode.swift; name = DateTimeTransform.swift; path = inksell/Transforms/DateTimeTransform.swift; sourceTree = SOURCE_ROOT; };
		ADEFF8321C4F507500185A40 /* ElectronicEntity.swift */ = {isa = PBXFileReference; fileEncoding = 4; lastKnownFileType = sourcecode.swift; name = ElectronicEntity.swift; path = inksell/Models/ElectronicEntity.swift; sourceTree = SOURCE_ROOT; };
		ADEFF8341C4F509200185A40 /* FurnitureEntity.swift */ = {isa = PBXFileReference; fileEncoding = 4; lastKnownFileType = sourcecode.swift; name = FurnitureEntity.swift; path = inksell/Models/FurnitureEntity.swift; sourceTree = SOURCE_ROOT; };
		ADEFF8361C4F50AF00185A40 /* OtherEntity.swift */ = {isa = PBXFileReference; fileEncoding = 4; lastKnownFileType = sourcecode.swift; name = OtherEntity.swift; path = inksell/Models/OtherEntity.swift; sourceTree = SOURCE_ROOT; };
		ADEFF8381C4F50DD00185A40 /* RealEstateEntity.swift */ = {isa = PBXFileReference; fileEncoding = 4; lastKnownFileType = sourcecode.swift; name = RealEstateEntity.swift; path = inksell/Models/RealEstateEntity.swift; sourceTree = SOURCE_ROOT; };
		ADEFF83A1C4F53D000185A40 /* MultiplePostDetailsEntity.swift */ = {isa = PBXFileReference; fileEncoding = 4; lastKnownFileType = sourcecode.swift; name = MultiplePostDetailsEntity.swift; path = inksell/Models/MultiplePostDetailsEntity.swift; sourceTree = SOURCE_ROOT; };
		ADEFF83C1C4F557B00185A40 /* PostIdWithCategory.swift */ = {isa = PBXFileReference; fileEncoding = 4; lastKnownFileType = sourcecode.swift; name = PostIdWithCategory.swift; path = inksell/Models/PostIdWithCategory.swift; sourceTree = SOURCE_ROOT; };
		ADEFF83E1C4F55ED00185A40 /* PostSummaryEntity.swift */ = {isa = PBXFileReference; fileEncoding = 4; lastKnownFileType = sourcecode.swift; name = PostSummaryEntity.swift; path = inksell/Models/PostSummaryEntity.swift; sourceTree = SOURCE_ROOT; };
		ADEFF8401C4F576700185A40 /* UserEntity.swift */ = {isa = PBXFileReference; fileEncoding = 4; lastKnownFileType = sourcecode.swift; name = UserEntity.swift; path = inksell/Models/UserEntity.swift; sourceTree = SOURCE_ROOT; };
		ADEFF8421C4F582800185A40 /* VerifyUserEntity.swift */ = {isa = PBXFileReference; fileEncoding = 4; lastKnownFileType = sourcecode.swift; name = VerifyUserEntity.swift; path = inksell/Models/VerifyUserEntity.swift; sourceTree = SOURCE_ROOT; };
		ADF6C4081C5A1A9600F3D7D7 /* Home.storyboard */ = {isa = PBXFileReference; fileEncoding = 4; lastKnownFileType = file.storyboard; name = Home.storyboard; path = inksell/inksell/Home/Home.storyboard; sourceTree = SOURCE_ROOT; };
		ADF6C4281C65FEDF00F3D7D7 /* HomeTabController.swift */ = {isa = PBXFileReference; fileEncoding = 4; lastKnownFileType = sourcecode.swift; name = HomeTabController.swift; path = inksell/inksell/Home/HomeTabController.swift; sourceTree = SOURCE_ROOT; };
		ADFF3FEC1D8521EE00F56702 /* HeaderViewCell.xib */ = {isa = PBXFileReference; fileEncoding = 4; lastKnownFileType = file.xib; path = HeaderViewCell.xib; sourceTree = "<group>"; };
		ADFF3FEE1D85247300F56702 /* HeaderViewCell.swift */ = {isa = PBXFileReference; fileEncoding = 4; lastKnownFileType = sourcecode.swift; path = HeaderViewCell.swift; sourceTree = "<group>"; };
		ADFF3FF01D852FB500F56702 /* RealEstateViewCell.xib */ = {isa = PBXFileReference; fileEncoding = 4; lastKnownFileType = file.xib; path = RealEstateViewCell.xib; sourceTree = "<group>"; };
		ADFF3FF21D852FC900F56702 /* RealEstateViewCell.swift */ = {isa = PBXFileReference; fileEncoding = 4; lastKnownFileType = sourcecode.swift; path = RealEstateViewCell.swift; sourceTree = "<group>"; };
/* End PBXFileReference section */

/* Begin PBXFrameworksBuildPhase section */
		AD9630E21BDBF48F00ADC405 /* Frameworks */ = {
			isa = PBXFrameworksBuildPhase;
			buildActionMask = 2147483647;
			files = (
				999316F5C5C10861273E407F /* Pods_inksell.framework in Frameworks */,
			);
			runOnlyForDeploymentPostprocessing = 0;
		};
/* End PBXFrameworksBuildPhase section */

/* Begin PBXGroup section */
		545476F2686471E49CD778AA /* Frameworks */ = {
			isa = PBXGroup;
			children = (
				0646FA6C6EEB74A373C61551 /* Pods_inksell.framework */,
			);
			name = Frameworks;
			sourceTree = "<group>";
		};
		AD167B831C8C3F7D00495D59 /* Posts */ = {
			isa = PBXGroup;
			children = (
				AD167B851C8C3FAF00495D59 /* View */,
				AD167B841C8C3FA800495D59 /* Add */,
			);
			name = Posts;
			path = inksell/inksell/Posts;
			sourceTree = SOURCE_ROOT;
		};
		AD167B841C8C3FA800495D59 /* Add */ = {
			isa = PBXGroup;
			children = (
				AD1D093E1D69677100B72F3E /* PostsAdd.storyboard */,
				AD167B881C8C408100495D59 /* BasePostsAddViewController.swift */,
				AD1D09301D65A0A700B72F3E /* IAddViewProtocol.swift */,
				AD1D093A1D69604800B72F3E /* AddPostsViewType.swift */,
				AD1D09401D696B0800B72F3E /* ContactsAddCell.xib */,
				AD1D092E1D659FC900B72F3E /* ContactsAddCell.swift */,
				AD1D09441D6975E100B72F3E /* CommonAddCell.xib */,
				AD1D09461D6975F300B72F3E /* CommonAddCell.swift */,
				AD1D09481D69761500B72F3E /* ImagesAddCell.xib */,
				AD1D094A1D69762300B72F3E /* ImagesAddCell.swift */,
				AD8238911D70257200DC6E57 /* IImagePickerProtocol.swift */,
				AD8238931D70313300DC6E57 /* ImageCell.xib */,
				AD8238951D7185AB00DC6E57 /* ImageCell.swift */,
				AD8238971D71865600DC6E57 /* BasePostsAddViewControllerCollectionViewExtention.swift */,
				ADE1CD821D867BAB00F6BAD9 /* RealEstateAddCell.xib */,
				ADE1CD841D867BC200F6BAD9 /* RealEstateAddCell.swift */,
				ADE1CD861D87D29700F6BAD9 /* MapAddCell.xib */,
				ADE1CD881D87D2A500F6BAD9 /* MapAddCell.swift */,
			);
			name = Add;
			path = inksell/inksell/Posts/Add;
			sourceTree = SOURCE_ROOT;
		};
		AD167B851C8C3FAF00495D59 /* View */ = {
			isa = PBXGroup;
			children = (
				AD167B861C8C406A00495D59 /* BasePostsViewController.swift */,
				ADB7EBEE1C9D5BF400A9C68C /* PostsView.storyboard */,
				AD5F0A631D73B50E00E5754F /* ImagesHeaderViewCell.xib */,
				AD5F0A671D73B85800E5754F /* ImagesHeaderViewCell.swift */,
				ADFF3FEC1D8521EE00F56702 /* HeaderViewCell.xib */,
				ADFF3FEE1D85247300F56702 /* HeaderViewCell.swift */,
				AD5F0A651D73B60C00E5754F /* ViewPostsViewType.swift */,
				AD5F0A6B1D73BC1900E5754F /* BaseViewPostCell.swift */,
				AD5F0A6D1D73C75E00E5754F /* CommonViewCell.xib */,
				AD5F0A6F1D73C78000E5754F /* CommonViewCell.swift */,
				AD5F0A731D7426C200E5754F /* ContactsViewCell.xib */,
				AD5F0A751D742BBD00E5754F /* ContactsViewCell.swift */,
				ADFF3FF01D852FB500F56702 /* RealEstateViewCell.xib */,
				ADFF3FF21D852FC900F56702 /* RealEstateViewCell.swift */,
				ADE1CD901D87D81E00F6BAD9 /* MapViewCell.xib */,
				ADE1CD8E1D87D81100F6BAD9 /* MapViewCell.swift */,
			);
			name = View;
			path = inksell/inksell/Posts/View;
			sourceTree = SOURCE_ROOT;
		};
		AD2244CF1C424B3D0015BBD3 /* Enums */ = {
			isa = PBXGroup;
			children = (
				ADEA90B61C44D79B009C5E71 /* ResponseStatus.swift */,
				AD2244D01C424BA50015BBD3 /* CategoryType.swift */,
				AD2244D21C424C640015BBD3 /* PlatformType.swift */,
				ADEA90B81C44D99E009C5E71 /* FurnishingType.swift */,
			);
			name = Enums;
			path = inksell/Enums;
			sourceTree = SOURCE_ROOT;
		};
		AD2244D41C424C890015BBD3 /* Services */ = {
			isa = PBXGroup;
			children = (
				AD2244D51C424CB00015BBD3 /* RestClient.swift */,
				ADD8D0D81C427B8A00CFCCD2 /* GetServices.swift */,
				ADD8D0DA1C428AE500CFCCD2 /* PostServices.swift */,
				AD023AEB1C57AFAA00283305 /* CallbackProtocol.swift */,
				AD47623C1D7813150029FEA5 /* AzureStorageHelper.swift */,
			);
			name = Services;
			path = inksell/Services;
			sourceTree = SOURCE_ROOT;
		};
		AD354BF41C57A4840094B040 /* Constants */ = {
			isa = PBXGroup;
			children = (
				AD4D99D91C557CED0011C31E /* StorageConstants.swift */,
				AD354BF51C57A49D0094B040 /* AppData.swift */,
				AD9E39881D5F0ADD00D8D557 /* ScreenName.swift */,
			);
			name = Constants;
			path = inksell/Constants;
			sourceTree = SOURCE_ROOT;
		};
		AD4D99D61C55783E0011C31E /* Extentions */ = {
			isa = PBXGroup;
			children = (
				AD4D99D21C54DCDB0011C31E /* Extentions.swift */,
				AD4D99CE1C54414C0011C31E /* MyColors.swift */,
				AD4D99D71C5578540011C31E /* Toasts.swift */,
			);
			name = Extentions;
			path = inksell/Extentions;
			sourceTree = SOURCE_ROOT;
		};
		AD5F0A791D7577E500E5754F /* Favourite */ = {
			isa = PBXGroup;
			children = (
				ADDD79711C71C8500045200E /* FavouritesController.swift */,
				AD5F0A7B1D75788C00E5754F /* FavouriteEmptyView.xib */,
			);
			name = Favourite;
			path = inksell/inksell/Home/Favourites;
			sourceTree = SOURCE_ROOT;
		};
		AD5F0A7A1D75785500E5754F /* Subscription */ = {
			isa = PBXGroup;
			children = (
				ADDD796F1C71C8360045200E /* SubscriptionController.swift */,
				AD5F0A7D1D757DB300E5754F /* SubscriptionEmptyView.xib */,
			);
			name = Subscription;
			path = inksell/inksell/Home/Subscription;
			sourceTree = SOURCE_ROOT;
		};
		AD8A2AED1C6606AE00953065 /* User */ = {
			isa = PBXGroup;
			children = (
				AD8A2AEE1C6606F500953065 /* MyAccountController.swift */,
				AD82389B1D71AC6000DC6E57 /* UserInfoController.swift */,
			);
			path = User;
			sourceTree = "<group>";
		};
		AD9630DC1BDBF48F00ADC405 = {
			isa = PBXGroup;
			children = (
				AD9630E71BDBF48F00ADC405 /* inksell */,
				AD9630E61BDBF48F00ADC405 /* Products */,
				AEFAD9F27DA7CCCB06801EC7 /* Pods */,
				545476F2686471E49CD778AA /* Frameworks */,
			);
			sourceTree = "<group>";
		};
		AD9630E61BDBF48F00ADC405 /* Products */ = {
			isa = PBXGroup;
			children = (
				AD9630E51BDBF48F00ADC405 /* inksell.app */,
			);
			name = Products;
			sourceTree = "<group>";
		};
		AD9630E71BDBF48F00ADC405 /* inksell */ = {
			isa = PBXGroup;
			children = (
				AD354BF41C57A4840094B040 /* Constants */,
				AD4D99D61C55783E0011C31E /* Extentions */,
				ADEFF82F1C44F68900185A40 /* Transforms */,
				AD2244CF1C424B3D0015BBD3 /* Enums */,
				AD2244D41C424C890015BBD3 /* Services */,
				ADD8D0D51C426FD700CFCCD2 /* Models */,
				ADD8D0DE1C4398F500CFCCD2 /* Utils */,
				AD9630FF1BDD051F00ADC405 /* inksell */,
				AD9630E81BDBF48F00ADC405 /* AppDelegate.swift */,
				AD9630EA1BDBF48F00ADC405 /* ViewController.swift */,
				AD9630EF1BDBF48F00ADC405 /* Assets.xcassets */,
				AD9630F11BDBF48F00ADC405 /* LaunchScreen.storyboard */,
				AD9630F41BDBF48F00ADC405 /* Info.plist */,
			);
			path = inksell;
			sourceTree = "<group>";
		};
		AD9630FE1BDD051500ADC405 /* login */ = {
			isa = PBXGroup;
			children = (
				AD9630EC1BDBF48F00ADC405 /* Login.storyboard */,
				AD9631021BDD06B100ADC405 /* RegisterViewController.swift */,
				AD9631041BDD06D700ADC405 /* VerifyViewController.swift */,
				AD9631061BDD072600ADC405 /* AlreadyViewController.swift */,
				AD9631081BDD073A00ADC405 /* NewCompanyViewController.swift */,
				AD96310B1BDD11A400ADC405 /* StartNavigationController.swift */,
			);
			name = login;
			path = inksell/inksell/login;
			sourceTree = SOURCE_ROOT;
		};
		AD9630FF1BDD051F00ADC405 /* inksell */ = {
			isa = PBXGroup;
			children = (
				AD167B831C8C3F7D00495D59 /* Posts */,
				ADF6C4071C5A14F700F3D7D7 /* Home */,
				AD9D42AB1C50CD0300D21EC5 /* common */,
				AD9630FE1BDD051500ADC405 /* login */,
			);
			name = inksell;
			path = inksell/inksell;
			sourceTree = SOURCE_ROOT;
		};
		AD9D42AB1C50CD0300D21EC5 /* common */ = {
			isa = PBXGroup;
			children = (
				AD9D42AC1C50CD1C00D21EC5 /* BaseViewController.swift */,
				ADDD79791C71D4960045200E /* TableViewCellWithPic.swift */,
				ADDD797A1C71D4960045200E /* TableViewCellWithPic.xib */,
				ADDD797D1C71D9FB0045200E /* BaseTableViewController.swift */,
				ADDD797F1C72B1B70045200E /* TableViewCellWithoutPic.swift */,
				ADDD79801C72B1B70045200E /* TableViewCellWithoutPic.xib */,
				AD1D09261D659DA800B72F3E /* VerticalScreenLayout.swift */,
				AD1D09421D696F5D00B72F3E /* TableSpacingView.xib */,
				ADBFF6701D69AF8400323667 /* BaseTableViewCell.swift */,
				AD8238991D719A6400DC6E57 /* BasePostSummaryTableViewController.swift */,
				AD5F0A771D756CE200E5754F /* FavouritesHelper.swift */,
			);
			name = common;
			path = inksell/inksell/Common;
			sourceTree = SOURCE_ROOT;
		};
		AD9E398C1D61137D00D8D557 /* Home */ = {
			isa = PBXGroup;
			children = (
				ADDD796D1C71C3180045200E /* HomeController.swift */,
				ADBFF6721D69C95C00323667 /* HomeTableViewController.swift */,
				AD82389D1D72DAA400DC6E57 /* FilterPopoverController.swift */,
				AD82389F1D72E0C900DC6E57 /* FilterTableCell.xib */,
				AD5F0A5F1D72EE0F00E5754F /* FilterToHomeProtocol.swift */,
			);
			name = Home;
			path = inksell/inksell/Home/Home;
			sourceTree = SOURCE_ROOT;
		};
		ADBFF66D1D69A74900323667 /* CustomControls */ = {
			isa = PBXGroup;
			children = (
				ADBFF66B1D69A5D400323667 /* CustomMaterialTextField.swift */,
				ADBFF66E1D69A78300323667 /* PlaceholderTextView.swift */,
				AD5F0A711D73CA7200E5754F /* LineView.swift */,
			);
			name = CustomControls;
			path = inksell/Utils/CustomControls;
			sourceTree = SOURCE_ROOT;
		};
		ADD8D0D51C426FD700CFCCD2 /* Models */ = {
			isa = PBXGroup;
			children = (
				ADD8D0D61C42700600CFCCD2 /* CompanyEntity.swift */,
				ADD8D0DC1C42A2FE00CFCCD2 /* LocationEntity.swift */,
				ADEA90BA1C44DC84009C5E71 /* AutomobileEntity.swift */,
				ADEA90BC1C44DE23009C5E71 /* ContactAdressEntity.swift */,
				ADEFF8321C4F507500185A40 /* ElectronicEntity.swift */,
				ADEFF8341C4F509200185A40 /* FurnitureEntity.swift */,
				ADEFF8361C4F50AF00185A40 /* OtherEntity.swift */,
				ADEFF8381C4F50DD00185A40 /* RealEstateEntity.swift */,
				ADEFF83A1C4F53D000185A40 /* MultiplePostDetailsEntity.swift */,
				ADEFF83C1C4F557B00185A40 /* PostIdWithCategory.swift */,
				ADEFF83E1C4F55ED00185A40 /* PostSummaryEntity.swift */,
				ADEFF8401C4F576700185A40 /* UserEntity.swift */,
				ADEFF8421C4F582800185A40 /* VerifyUserEntity.swift */,
				ADE2E2211D6D8DC000442AF7 /* IPostEntity.swift */,
			);
			name = Models;
			path = inksell/Models;
			sourceTree = SOURCE_ROOT;
		};
		ADD8D0DE1C4398F500CFCCD2 /* Utils */ = {
			isa = PBXGroup;
			children = (
				ADBFF66D1D69A74900323667 /* CustomControls */,
				ADD8D0DF1C43993A00CFCCD2 /* PersistentStorage.swift */,
				AD9D42A91C50CC6C00D21EC5 /* Utilities.swift */,
				AD9D42AE1C50D27D00D21EC5 /* ConfigurationManager.swift */,
				AD4D99D01C54DB9D0011C31E /* AlertController.swift */,
			);
			path = Utils;
			sourceTree = "<group>";
		};
		ADEFF82F1C44F68900185A40 /* Transforms */ = {
			isa = PBXGroup;
			children = (
				ADEFF8301C44F6A000185A40 /* DateTimeTransform.swift */,
			);
			name = Transforms;
			path = inksell/Transforms;
			sourceTree = SOURCE_ROOT;
		};
		ADF6C4071C5A14F700F3D7D7 /* Home */ = {
			isa = PBXGroup;
			children = (
				AD5F0A7A1D75785500E5754F /* Subscription */,
				AD5F0A791D7577E500E5754F /* Favourite */,
				AD9E398C1D61137D00D8D557 /* Home */,
				AD8A2AED1C6606AE00953065 /* User */,
				ADF6C4081C5A1A9600F3D7D7 /* Home.storyboard */,
				ADF6C4281C65FEDF00F3D7D7 /* HomeTabController.swift */,
			);
			name = Home;
			path = inksell/inksell/Home;
			sourceTree = SOURCE_ROOT;
		};
		AEFAD9F27DA7CCCB06801EC7 /* Pods */ = {
			isa = PBXGroup;
			children = (
				421C2DB59D336F4BE4B149E9 /* Pods-inksell.debug.xcconfig */,
				A68E287CD7BA83D2AE5C019A /* Pods-inksell.release.xcconfig */,
			);
			name = Pods;
			sourceTree = "<group>";
		};
/* End PBXGroup section */

/* Begin PBXNativeTarget section */
		AD9630E41BDBF48F00ADC405 /* inksell */ = {
			isa = PBXNativeTarget;
			buildConfigurationList = AD9630F71BDBF48F00ADC405 /* Build configuration list for PBXNativeTarget "inksell" */;
			buildPhases = (
				36A7EB25350ABE0008635327 /* Check Pods Manifest.lock */,
				AD9630E11BDBF48F00ADC405 /* Sources */,
				AD9630E21BDBF48F00ADC405 /* Frameworks */,
				AD9630E31BDBF48F00ADC405 /* Resources */,
				AA4599567353AF7385FD5045 /* Embed Pods Frameworks */,
				7ECE5000FCD7C987ACFACCB3 /* Copy Pods Resources */,
			);
			buildRules = (
			);
			dependencies = (
			);
			name = inksell;
			productName = inksell;
			productReference = AD9630E51BDBF48F00ADC405 /* inksell.app */;
			productType = "com.apple.product-type.application";
		};
/* End PBXNativeTarget section */

/* Begin PBXProject section */
		AD9630DD1BDBF48F00ADC405 /* Project object */ = {
			isa = PBXProject;
			attributes = {
				LastSwiftUpdateCheck = 0710;
				LastUpgradeCheck = 0710;
				ORGANIZATIONNAME = inksell;
				TargetAttributes = {
					AD9630E41BDBF48F00ADC405 = {
						CreatedOnToolsVersion = 7.1;
						SystemCapabilities = {
							com.apple.Maps.iOS = {
								enabled = 0;
							};
						};
					};
				};
			};
			buildConfigurationList = AD9630E01BDBF48F00ADC405 /* Build configuration list for PBXProject "inksell" */;
			compatibilityVersion = "Xcode 3.2";
			developmentRegion = English;
			hasScannedForEncodings = 0;
			knownRegions = (
				en,
				Base,
			);
			mainGroup = AD9630DC1BDBF48F00ADC405;
			productRefGroup = AD9630E61BDBF48F00ADC405 /* Products */;
			projectDirPath = "";
			projectRoot = "";
			targets = (
				AD9630E41BDBF48F00ADC405 /* inksell */,
			);
		};
/* End PBXProject section */

/* Begin PBXResourcesBuildPhase section */
		AD9630E31BDBF48F00ADC405 /* Resources */ = {
			isa = PBXResourcesBuildPhase;
			buildActionMask = 2147483647;
			files = (
				AD5F0A7C1D75788C00E5754F /* FavouriteEmptyView.xib in Resources */,
				ADE1CD911D87D81E00F6BAD9 /* MapViewCell.xib in Resources */,
				AD5F0A6E1D73C75E00E5754F /* CommonViewCell.xib in Resources */,
				AD5F0A7E1D757DB300E5754F /* SubscriptionEmptyView.xib in Resources */,
				AD8238941D70313300DC6E57 /* ImageCell.xib in Resources */,
				AD1D09411D696B0800B72F3E /* ContactsAddCell.xib in Resources */,
				ADE1CD871D87D29700F6BAD9 /* MapAddCell.xib in Resources */,
				AD9630F31BDBF48F00ADC405 /* LaunchScreen.storyboard in Resources */,
				AD5F0A641D73B50E00E5754F /* ImagesHeaderViewCell.xib in Resources */,
				ADFF3FED1D8521EE00F56702 /* HeaderViewCell.xib in Resources */,
				ADFF3FF11D852FB500F56702 /* RealEstateViewCell.xib in Resources */,
				AD1D09451D6975E100B72F3E /* CommonAddCell.xib in Resources */,
				ADDD797C1C71D4960045200E /* TableViewCellWithPic.xib in Resources */,
				ADE1CD831D867BAB00F6BAD9 /* RealEstateAddCell.xib in Resources */,
				AD1D093F1D69677100B72F3E /* PostsAdd.storyboard in Resources */,
				AD5F0A741D7426C200E5754F /* ContactsViewCell.xib in Resources */,
				AD9630F01BDBF48F00ADC405 /* Assets.xcassets in Resources */,
				AD1D09431D696F5D00B72F3E /* TableSpacingView.xib in Resources */,
				AD9630EE1BDBF48F00ADC405 /* Login.storyboard in Resources */,
				AD1D09491D69761500B72F3E /* ImagesAddCell.xib in Resources */,
				AD8238A01D72E0C900DC6E57 /* FilterTableCell.xib in Resources */,
				ADF6C4091C5A1A9600F3D7D7 /* Home.storyboard in Resources */,
				ADDD79821C72B1B70045200E /* TableViewCellWithoutPic.xib in Resources */,
				ADB7EBEF1C9D5BF400A9C68C /* PostsView.storyboard in Resources */,
			);
			runOnlyForDeploymentPostprocessing = 0;
		};
/* End PBXResourcesBuildPhase section */

/* Begin PBXShellScriptBuildPhase section */
		36A7EB25350ABE0008635327 /* Check Pods Manifest.lock */ = {
			isa = PBXShellScriptBuildPhase;
			buildActionMask = 2147483647;
			files = (
			);
			inputPaths = (
			);
			name = "Check Pods Manifest.lock";
			outputPaths = (
			);
			runOnlyForDeploymentPostprocessing = 0;
			shellPath = /bin/sh;
			shellScript = "diff \"${PODS_ROOT}/../Podfile.lock\" \"${PODS_ROOT}/Manifest.lock\" > /dev/null\nif [[ $? != 0 ]] ; then\n    cat << EOM\nerror: The sandbox is not in sync with the Podfile.lock. Run 'pod install' or update your CocoaPods installation.\nEOM\n    exit 1\nfi\n";
			showEnvVarsInLog = 0;
		};
		7ECE5000FCD7C987ACFACCB3 /* Copy Pods Resources */ = {
			isa = PBXShellScriptBuildPhase;
			buildActionMask = 2147483647;
			files = (
			);
			inputPaths = (
			);
			name = "Copy Pods Resources";
			outputPaths = (
			);
			runOnlyForDeploymentPostprocessing = 0;
			shellPath = /bin/sh;
			shellScript = "\"${SRCROOT}/Pods/Target Support Files/Pods-inksell/Pods-inksell-resources.sh\"\n";
			showEnvVarsInLog = 0;
		};
		AA4599567353AF7385FD5045 /* Embed Pods Frameworks */ = {
			isa = PBXShellScriptBuildPhase;
			buildActionMask = 2147483647;
			files = (
			);
			inputPaths = (
			);
			name = "Embed Pods Frameworks";
			outputPaths = (
			);
			runOnlyForDeploymentPostprocessing = 0;
			shellPath = /bin/sh;
			shellScript = "\"${SRCROOT}/Pods/Target Support Files/Pods-inksell/Pods-inksell-frameworks.sh\"\n";
			showEnvVarsInLog = 0;
		};
/* End PBXShellScriptBuildPhase section */

/* Begin PBXSourcesBuildPhase section */
		AD9630E11BDBF48F00ADC405 /* Sources */ = {
			isa = PBXSourcesBuildPhase;
			buildActionMask = 2147483647;
			files = (
				ADD8D0D91C427B8A00CFCCD2 /* GetServices.swift in Sources */,
				ADEFF8371C4F50AF00185A40 /* OtherEntity.swift in Sources */,
				AD96310C1BDD11A400ADC405 /* StartNavigationController.swift in Sources */,
				ADDD79811C72B1B70045200E /* TableViewCellWithoutPic.swift in Sources */,
				ADEFF8431C4F582800185A40 /* VerifyUserEntity.swift in Sources */,
				AD9D42AD1C50CD1C00D21EC5 /* BaseViewController.swift in Sources */,
				AD167B891C8C408100495D59 /* BasePostsAddViewController.swift in Sources */,
				AD8238981D71865600DC6E57 /* BasePostsAddViewControllerCollectionViewExtention.swift in Sources */,
				AD5F0A721D73CA7200E5754F /* LineView.swift in Sources */,
				AD5F0A781D756CE200E5754F /* FavouritesHelper.swift in Sources */,
				AD354BF61C57A49D0094B040 /* AppData.swift in Sources */,
				ADEA90BD1C44DE23009C5E71 /* ContactAdressEntity.swift in Sources */,
				ADDD79721C71C8500045200E /* FavouritesController.swift in Sources */,
				ADEA90B71C44D79B009C5E71 /* ResponseStatus.swift in Sources */,
				AD023AEC1C57AFAA00283305 /* CallbackProtocol.swift in Sources */,
				ADEA90BB1C44DC84009C5E71 /* AutomobileEntity.swift in Sources */,
				AD8238961D7185AB00DC6E57 /* ImageCell.swift in Sources */,
				AD1D09271D659DA800B72F3E /* VerticalScreenLayout.swift in Sources */,
				AD4D99D11C54DB9D0011C31E /* AlertController.swift in Sources */,
				ADE1CD851D867BC200F6BAD9 /* RealEstateAddCell.swift in Sources */,
				AD9D42AF1C50D27D00D21EC5 /* ConfigurationManager.swift in Sources */,
				ADE2E2221D6D8DC000442AF7 /* IPostEntity.swift in Sources */,
				AD9E39891D5F0ADD00D8D557 /* ScreenName.swift in Sources */,
				AD9631031BDD06B100ADC405 /* RegisterViewController.swift in Sources */,
				AD2244D31C424C640015BBD3 /* PlatformType.swift in Sources */,
				AD5F0A701D73C78000E5754F /* CommonViewCell.swift in Sources */,
				ADF6C4291C65FEDF00F3D7D7 /* HomeTabController.swift in Sources */,
				AD82389A1D719A6400DC6E57 /* BasePostSummaryTableViewController.swift in Sources */,
				AD1D09311D65A0A700B72F3E /* IAddViewProtocol.swift in Sources */,
				AD9631051BDD06D700ADC405 /* VerifyViewController.swift in Sources */,
				AD9630EB1BDBF48F00ADC405 /* ViewController.swift in Sources */,
				AD1D09471D6975F300B72F3E /* CommonAddCell.swift in Sources */,
				ADEFF8331C4F507500185A40 /* ElectronicEntity.swift in Sources */,
				ADEFF8411C4F576700185A40 /* UserEntity.swift in Sources */,
				ADE1CD891D87D2A500F6BAD9 /* MapAddCell.swift in Sources */,
				AD9631091BDD073A00ADC405 /* NewCompanyViewController.swift in Sources */,
				AD4D99CF1C54414C0011C31E /* MyColors.swift in Sources */,
				ADBFF6711D69AF8400323667 /* BaseTableViewCell.swift in Sources */,
				AD82389E1D72DAA400DC6E57 /* FilterPopoverController.swift in Sources */,
				AD4D99D81C5578540011C31E /* Toasts.swift in Sources */,
				ADD8D0D71C42700600CFCCD2 /* CompanyEntity.swift in Sources */,
				AD47623D1D7813150029FEA5 /* AzureStorageHelper.swift in Sources */,
				AD5F0A761D742BBD00E5754F /* ContactsViewCell.swift in Sources */,
				ADEFF83B1C4F53D000185A40 /* MultiplePostDetailsEntity.swift in Sources */,
				ADFF3FF31D852FC900F56702 /* RealEstateViewCell.swift in Sources */,
				AD8A2AEF1C6606F500953065 /* MyAccountController.swift in Sources */,
				AD1D093B1D69604800B72F3E /* AddPostsViewType.swift in Sources */,
				AD1D092F1D659FC900B72F3E /* ContactsAddCell.swift in Sources */,
				AD5F0A681D73B85800E5754F /* ImagesHeaderViewCell.swift in Sources */,
				AD167B871C8C406A00495D59 /* BasePostsViewController.swift in Sources */,
				AD5F0A6C1D73BC1900E5754F /* BaseViewPostCell.swift in Sources */,
				AD8238921D70257200DC6E57 /* IImagePickerProtocol.swift in Sources */,
				ADD8D0E01C43993A00CFCCD2 /* PersistentStorage.swift in Sources */,
				ADBFF6731D69C95C00323667 /* HomeTableViewController.swift in Sources */,
				AD2244D11C424BA50015BBD3 /* CategoryType.swift in Sources */,
				AD5F0A601D72EE0F00E5754F /* FilterToHomeProtocol.swift in Sources */,
				AD9D42AA1C50CC6C00D21EC5 /* Utilities.swift in Sources */,
				ADD8D0DD1C42A2FE00CFCCD2 /* LocationEntity.swift in Sources */,
				ADDD797B1C71D4960045200E /* TableViewCellWithPic.swift in Sources */,
				ADEFF8391C4F50DD00185A40 /* RealEstateEntity.swift in Sources */,
				ADFF3FEF1D85247300F56702 /* HeaderViewCell.swift in Sources */,
				AD82389C1D71AC6000DC6E57 /* UserInfoController.swift in Sources */,
				AD9630E91BDBF48F00ADC405 /* AppDelegate.swift in Sources */,
				ADEFF8311C44F6A000185A40 /* DateTimeTransform.swift in Sources */,
				ADBFF66C1D69A5D400323667 /* CustomMaterialTextField.swift in Sources */,
				ADDD797E1C71D9FB0045200E /* BaseTableViewController.swift in Sources */,
				ADE1CD8F1D87D81100F6BAD9 /* MapViewCell.swift in Sources */,
				AD4D99D31C54DCDB0011C31E /* Extentions.swift in Sources */,
				ADEFF83D1C4F557B00185A40 /* PostIdWithCategory.swift in Sources */,
				ADDD796E1C71C3180045200E /* HomeController.swift in Sources */,
				AD2244D61C424CB00015BBD3 /* RestClient.swift in Sources */,
				ADD8D0DB1C428AE500CFCCD2 /* PostServices.swift in Sources */,
				ADDD79701C71C8360045200E /* SubscriptionController.swift in Sources */,
				AD9631071BDD072600ADC405 /* AlreadyViewController.swift in Sources */,
				ADEFF83F1C4F55ED00185A40 /* PostSummaryEntity.swift in Sources */,
				AD5F0A661D73B60C00E5754F /* ViewPostsViewType.swift in Sources */,
				ADEA90B91C44D99E009C5E71 /* FurnishingType.swift in Sources */,
				ADBFF66F1D69A78300323667 /* PlaceholderTextView.swift in Sources */,
				AD1D094B1D69762300B72F3E /* ImagesAddCell.swift in Sources */,
				AD4D99DA1C557CED0011C31E /* StorageConstants.swift in Sources */,
				ADEFF8351C4F509200185A40 /* FurnitureEntity.swift in Sources */,
			);
			runOnlyForDeploymentPostprocessing = 0;
		};
/* End PBXSourcesBuildPhase section */

/* Begin PBXVariantGroup section */
		AD9630EC1BDBF48F00ADC405 /* Login.storyboard */ = {
			isa = PBXVariantGroup;
			children = (
				AD9630ED1BDBF48F00ADC405 /* Base */,
			);
			name = Login.storyboard;
			path = inksell;
			sourceTree = SOURCE_ROOT;
		};
		AD9630F11BDBF48F00ADC405 /* LaunchScreen.storyboard */ = {
			isa = PBXVariantGroup;
			children = (
				AD9630F21BDBF48F00ADC405 /* Base */,
			);
			name = LaunchScreen.storyboard;
			sourceTree = "<group>";
		};
/* End PBXVariantGroup section */

/* Begin XCBuildConfiguration section */
		AD9630F51BDBF48F00ADC405 /* Debug */ = {
			isa = XCBuildConfiguration;
			buildSettings = {
				ALWAYS_SEARCH_USER_PATHS = NO;
				CLANG_CXX_LANGUAGE_STANDARD = "gnu++0x";
				CLANG_CXX_LIBRARY = "libc++";
				CLANG_ENABLE_MODULES = YES;
				CLANG_ENABLE_OBJC_ARC = YES;
				CLANG_WARN_BOOL_CONVERSION = YES;
				CLANG_WARN_CONSTANT_CONVERSION = YES;
				CLANG_WARN_DIRECT_OBJC_ISA_USAGE = YES_ERROR;
				CLANG_WARN_EMPTY_BODY = YES;
				CLANG_WARN_ENUM_CONVERSION = YES;
				CLANG_WARN_INT_CONVERSION = YES;
				CLANG_WARN_OBJC_ROOT_CLASS = YES_ERROR;
				CLANG_WARN_UNREACHABLE_CODE = YES;
				CLANG_WARN__DUPLICATE_METHOD_MATCH = YES;
				"CODE_SIGN_IDENTITY[sdk=iphoneos*]" = "iPhone Developer";
				COPY_PHASE_STRIP = NO;
				DEBUG_INFORMATION_FORMAT = dwarf;
				ENABLE_STRICT_OBJC_MSGSEND = YES;
				ENABLE_TESTABILITY = YES;
				GCC_C_LANGUAGE_STANDARD = gnu99;
				GCC_DYNAMIC_NO_PIC = NO;
				GCC_NO_COMMON_BLOCKS = YES;
				GCC_OPTIMIZATION_LEVEL = 0;
				GCC_PREPROCESSOR_DEFINITIONS = (
					"DEBUG=1",
					"$(inherited)",
				);
				GCC_WARN_64_TO_32_BIT_CONVERSION = YES;
				GCC_WARN_ABOUT_RETURN_TYPE = YES_ERROR;
				GCC_WARN_UNDECLARED_SELECTOR = YES;
				GCC_WARN_UNINITIALIZED_AUTOS = YES_AGGRESSIVE;
				GCC_WARN_UNUSED_FUNCTION = YES;
				GCC_WARN_UNUSED_VARIABLE = YES;
				IPHONEOS_DEPLOYMENT_TARGET = 9.1;
				MTL_ENABLE_DEBUG_INFO = YES;
				ONLY_ACTIVE_ARCH = YES;
				SDKROOT = iphoneos;
				SWIFT_OPTIMIZATION_LEVEL = "-Onone";
			};
			name = Debug;
		};
		AD9630F61BDBF48F00ADC405 /* Release */ = {
			isa = XCBuildConfiguration;
			buildSettings = {
				ALWAYS_SEARCH_USER_PATHS = NO;
				CLANG_CXX_LANGUAGE_STANDARD = "gnu++0x";
				CLANG_CXX_LIBRARY = "libc++";
				CLANG_ENABLE_MODULES = YES;
				CLANG_ENABLE_OBJC_ARC = YES;
				CLANG_WARN_BOOL_CONVERSION = YES;
				CLANG_WARN_CONSTANT_CONVERSION = YES;
				CLANG_WARN_DIRECT_OBJC_ISA_USAGE = YES_ERROR;
				CLANG_WARN_EMPTY_BODY = YES;
				CLANG_WARN_ENUM_CONVERSION = YES;
				CLANG_WARN_INT_CONVERSION = YES;
				CLANG_WARN_OBJC_ROOT_CLASS = YES_ERROR;
				CLANG_WARN_UNREACHABLE_CODE = YES;
				CLANG_WARN__DUPLICATE_METHOD_MATCH = YES;
				"CODE_SIGN_IDENTITY[sdk=iphoneos*]" = "iPhone Developer";
				COPY_PHASE_STRIP = NO;
				DEBUG_INFORMATION_FORMAT = "dwarf-with-dsym";
				ENABLE_NS_ASSERTIONS = NO;
				ENABLE_STRICT_OBJC_MSGSEND = YES;
				GCC_C_LANGUAGE_STANDARD = gnu99;
				GCC_NO_COMMON_BLOCKS = YES;
				GCC_WARN_64_TO_32_BIT_CONVERSION = YES;
				GCC_WARN_ABOUT_RETURN_TYPE = YES_ERROR;
				GCC_WARN_UNDECLARED_SELECTOR = YES;
				GCC_WARN_UNINITIALIZED_AUTOS = YES_AGGRESSIVE;
				GCC_WARN_UNUSED_FUNCTION = YES;
				GCC_WARN_UNUSED_VARIABLE = YES;
				IPHONEOS_DEPLOYMENT_TARGET = 9.1;
				MTL_ENABLE_DEBUG_INFO = NO;
				SDKROOT = iphoneos;
				VALIDATE_PRODUCT = YES;
			};
			name = Release;
		};
		AD9630F81BDBF48F00ADC405 /* Debug */ = {
			isa = XCBuildConfiguration;
			baseConfigurationReference = 421C2DB59D336F4BE4B149E9 /* Pods-inksell.debug.xcconfig */;
			buildSettings = {
				ASSETCATALOG_COMPILER_APPICON_NAME = AppIcon;
				INFOPLIST_FILE = inksell/Info.plist;
				LD_RUNPATH_SEARCH_PATHS = "$(inherited) @executable_path/Frameworks";
				PRODUCT_BUNDLE_IDENTIFIER = inksell.inksell;
				PRODUCT_NAME = "$(TARGET_NAME)";
			};
			name = Debug;
		};
		AD9630F91BDBF48F00ADC405 /* Release */ = {
			isa = XCBuildConfiguration;
			baseConfigurationReference = A68E287CD7BA83D2AE5C019A /* Pods-inksell.release.xcconfig */;
			buildSettings = {
				ASSETCATALOG_COMPILER_APPICON_NAME = AppIcon;
				INFOPLIST_FILE = inksell/Info.plist;
				LD_RUNPATH_SEARCH_PATHS = "$(inherited) @executable_path/Frameworks";
				PRODUCT_BUNDLE_IDENTIFIER = inksell.inksell;
				PRODUCT_NAME = "$(TARGET_NAME)";
			};
			name = Release;
		};
/* End XCBuildConfiguration section */

/* Begin XCConfigurationList section */
		AD9630E01BDBF48F00ADC405 /* Build configuration list for PBXProject "inksell" */ = {
			isa = XCConfigurationList;
			buildConfigurations = (
				AD9630F51BDBF48F00ADC405 /* Debug */,
				AD9630F61BDBF48F00ADC405 /* Release */,
			);
			defaultConfigurationIsVisible = 0;
			defaultConfigurationName = Release;
		};
		AD9630F71BDBF48F00ADC405 /* Build configuration list for PBXNativeTarget "inksell" */ = {
			isa = XCConfigurationList;
			buildConfigurations = (
				AD9630F81BDBF48F00ADC405 /* Debug */,
				AD9630F91BDBF48F00ADC405 /* Release */,
			);
			defaultConfigurationIsVisible = 0;
			defaultConfigurationName = Release;
		};
/* End XCConfigurationList section */
	};
	rootObject = AD9630DD1BDBF48F00ADC405 /* Project object */;
}
